PODS:
  - Alamofire (3.1.1)
  - RxBlocking (2.0.0-beta.2):
    - RxSwift (~> 2.0.0-beta)
  - RxCocoa (2.0.0-beta.2):
    - RxSwift (~> 2.0.0-beta)
  - RxSwift (2.0.0-beta.2)

DEPENDENCIES:
  - Alamofire (~> 3.0)
  - RxBlocking (~> 2.0.0-beta)
  - RxCocoa (~> 2.0.0-beta)
  - RxSwift (~> 2.0.0-beta)

SPEC CHECKSUMS:
  Alamofire: 9b0a7188b961a03914a99304488bd226b0e46c0e
  RxBlocking: ffb518856fb7712dcef7e18406ccb8c2854b3104
  RxCocoa: ee39aa3ab24a8dde3832669f8e1e2c7652925e0c
  RxSwift: 795720c22352cf1f62669ef3695b5df7e195103b

COCOAPODS: 0.38.2
