PODS:
  - Alamofire (3.0.1)
  - RxBlocking (2.0.0-beta.1):
    - RxSwift (~> 2.0.0-beta)
  - RxCocoa (2.0.0-beta.1):
    - RxSwift (~> 2.0.0-beta)
  - RxSwift (2.0.0-beta.1)

DEPENDENCIES:
  - Alamofire (~> 3.0)
  - RxBlocking (~> 2.0.0-beta)
  - RxCocoa (~> 2.0.0-beta)
  - RxSwift (~> 2.0.0-beta)

SPEC CHECKSUMS:
  Alamofire: 2457e1b2e6c46bb05c3a598c542b7bfd08893775
  RxBlocking: db06b6f8ea08b35b8b5bcd325389f73af3e94716
  RxCocoa: a3c35a39c3b4e8175f271bd3a28be8ca52f97c93
  RxSwift: a9b0f4d876eac130cda0ae2f3fba627be3baf3ef

COCOAPODS: 0.39.0.beta.5
