// !$*UTF8*$!
{
	archiveVersion = 1;
	classes = {
	};
	objectVersion = 46;
	objects = {

/* Begin PBXBuildFile section */
		700EE2240245BEFF6AFC6C1D /* Pods.framework in Frameworks */ = {isa = PBXBuildFile; fileRef = C85DF2068EB7035A9C865B69 /* Pods.framework */; };
		C88D89A11BE0DC8E0065150F /* Pods.framework in Frameworks */ = {isa = PBXBuildFile; fileRef = C88D89A01BE0DC8E0065150F /* Pods.framework */; };
		C89A0D2E1BE0D50E00744695 /* RxAlamofire-iOS.h in Headers */ = {isa = PBXBuildFile; fileRef = C89A0D2D1BE0D50E00744695 /* RxAlamofire-iOS.h */; settings = {ATTRIBUTES = (Public, ); }; };
		C89A0D381BE0D53200744695 /* RxAlamofire.swift in Sources */ = {isa = PBXBuildFile; fileRef = CB40E4181B89C6AF00D1DB5A /* RxAlamofire.swift */; };
		C89A9DC91BE234C2005113E4 /* RxCocoa.framework in Frameworks */ = {isa = PBXBuildFile; fileRef = C89A9DC71BE234C2005113E4 /* RxCocoa.framework */; };
		C89A9DCA1BE234C2005113E4 /* RxSwift.framework in Frameworks */ = {isa = PBXBuildFile; fileRef = C89A9DC81BE234C2005113E4 /* RxSwift.framework */; };
		C89A9DCC1BE234C5005113E4 /* Alamofire.framework in Frameworks */ = {isa = PBXBuildFile; fileRef = C89A9DCB1BE234C5005113E4 /* Alamofire.framework */; };
		C89A9DDB1BE235F7005113E4 /* Alamofire.framework in Frameworks */ = {isa = PBXBuildFile; fileRef = C89A9DD71BE235F7005113E4 /* Alamofire.framework */; };
		C89A9DDD1BE235F7005113E4 /* RxCocoa.framework in Frameworks */ = {isa = PBXBuildFile; fileRef = C89A9DD91BE235F7005113E4 /* RxCocoa.framework */; };
		C89A9DDE1BE235F7005113E4 /* RxSwift.framework in Frameworks */ = {isa = PBXBuildFile; fileRef = C89A9DDA1BE235F7005113E4 /* RxSwift.framework */; };
		C89A9DE01BE238AA005113E4 /* RxAlamofire.framework in Embed Frameworks */ = {isa = PBXBuildFile; fileRef = C89A0D2B1BE0D50E00744695 /* RxAlamofire.framework */; settings = {ATTRIBUTES = (CodeSignOnCopy, RemoveHeadersOnCopy, ); }; };
		CB40E3F61B89C59F00D1DB5A /* AppDelegate.swift in Sources */ = {isa = PBXBuildFile; fileRef = CB40E3F51B89C59F00D1DB5A /* AppDelegate.swift */; };
		CB40E3F81B89C59F00D1DB5A /* MasterViewController.swift in Sources */ = {isa = PBXBuildFile; fileRef = CB40E3F71B89C59F00D1DB5A /* MasterViewController.swift */; };
		CB40E3FD1B89C59F00D1DB5A /* Main.storyboard in Resources */ = {isa = PBXBuildFile; fileRef = CB40E3FB1B89C59F00D1DB5A /* Main.storyboard */; };
		CB40E3FF1B89C59F00D1DB5A /* Assets.xcassets in Resources */ = {isa = PBXBuildFile; fileRef = CB40E3FE1B89C59F00D1DB5A /* Assets.xcassets */; };
		CB40E4021B89C59F00D1DB5A /* LaunchScreen.storyboard in Resources */ = {isa = PBXBuildFile; fileRef = CB40E4001B89C59F00D1DB5A /* LaunchScreen.storyboard */; };
		CB40E40D1B89C59F00D1DB5A /* RxAlamofireTests.swift in Sources */ = {isa = PBXBuildFile; fileRef = CB40E40C1B89C59F00D1DB5A /* RxAlamofireTests.swift */; };
/* End PBXBuildFile section */

/* Begin PBXContainerItemProxy section */
		C89A9DE11BE238AA005113E4 /* PBXContainerItemProxy */ = {
			isa = PBXContainerItemProxy;
			containerPortal = CB40E3EA1B89C59F00D1DB5A /* Project object */;
			proxyType = 1;
			remoteGlobalIDString = C89A0D2A1BE0D50E00744695;
			remoteInfo = "RxAlamofire-iOS";
		};
		CB40E4091B89C59F00D1DB5A /* PBXContainerItemProxy */ = {
			isa = PBXContainerItemProxy;
			containerPortal = CB40E3EA1B89C59F00D1DB5A /* Project object */;
			proxyType = 1;
			remoteGlobalIDString = CB40E3F11B89C59F00D1DB5A;
			remoteInfo = RxAlamofire;
		};
/* End PBXContainerItemProxy section */

/* Begin PBXCopyFilesBuildPhase section */
		C89A9DE31BE238AA005113E4 /* Embed Frameworks */ = {
			isa = PBXCopyFilesBuildPhase;
			buildActionMask = 2147483647;
			dstPath = "";
			dstSubfolderSpec = 10;
			files = (
				C89A9DE01BE238AA005113E4 /* RxAlamofire.framework in Embed Frameworks */,
			);
			name = "Embed Frameworks";
			runOnlyForDeploymentPostprocessing = 0;
		};
/* End PBXCopyFilesBuildPhase section */

/* Begin PBXFileReference section */
		51A02A42028A1D5999C76B77 /* Pods.release.xcconfig */ = {isa = PBXFileReference; includeInIndex = 1; lastKnownFileType = text.xcconfig; name = Pods.release.xcconfig; path = "Pods/Target Support Files/Pods/Pods.release.xcconfig"; sourceTree = "<group>"; };
		C85DF2068EB7035A9C865B69 /* Pods.framework */ = {isa = PBXFileReference; explicitFileType = wrapper.framework; includeInIndex = 0; path = Pods.framework; sourceTree = BUILT_PRODUCTS_DIR; };
		C88D89A01BE0DC8E0065150F /* Pods.framework */ = {isa = PBXFileReference; lastKnownFileType = wrapper.framework; name = Pods.framework; path = "Pods/../build/Debug-iphoneos/Pods.framework"; sourceTree = "<group>"; };
		C89A0D2B1BE0D50E00744695 /* RxAlamofire.framework */ = {isa = PBXFileReference; explicitFileType = wrapper.framework; includeInIndex = 0; path = RxAlamofire.framework; sourceTree = BUILT_PRODUCTS_DIR; };
		C89A0D2D1BE0D50E00744695 /* RxAlamofire-iOS.h */ = {isa = PBXFileReference; lastKnownFileType = sourcecode.c.h; path = "RxAlamofire-iOS.h"; sourceTree = "<group>"; };
		C89A0D2F1BE0D50E00744695 /* Info.plist */ = {isa = PBXFileReference; lastKnownFileType = text.plist.xml; path = Info.plist; sourceTree = "<group>"; };
		C89A9DBD1BE22411005113E4 /* RxCocoa.framework */ = {isa = PBXFileReference; lastKnownFileType = wrapper.framework; name = RxCocoa.framework; path = "Pods/../build/Debug-iphoneos/RxCocoa.framework"; sourceTree = "<group>"; };
		C89A9DBE1BE22411005113E4 /* RxSwift.framework */ = {isa = PBXFileReference; lastKnownFileType = wrapper.framework; name = RxSwift.framework; path = "Pods/../build/Debug-iphoneos/RxSwift.framework"; sourceTree = "<group>"; };
		C89A9DC21BE23249005113E4 /* CoreLocation.framework */ = {isa = PBXFileReference; lastKnownFileType = wrapper.framework; name = CoreLocation.framework; path = System/Library/Frameworks/CoreLocation.framework; sourceTree = SDKROOT; };
		C89A9DC41BE2326B005113E4 /* Alamofire.framework */ = {isa = PBXFileReference; lastKnownFileType = wrapper.framework; name = Alamofire.framework; path = "Pods/../build/Debug-iphoneos/Alamofire.framework"; sourceTree = "<group>"; };
		C89A9DC71BE234C2005113E4 /* RxCocoa.framework */ = {isa = PBXFileReference; lastKnownFileType = wrapper.framework; name = RxCocoa.framework; path = "Pods/../build/Debug-iphoneos/RxCocoa.framework"; sourceTree = "<group>"; };
		C89A9DC81BE234C2005113E4 /* RxSwift.framework */ = {isa = PBXFileReference; lastKnownFileType = wrapper.framework; name = RxSwift.framework; path = "Pods/../build/Debug-iphoneos/RxSwift.framework"; sourceTree = "<group>"; };
		C89A9DCB1BE234C5005113E4 /* Alamofire.framework */ = {isa = PBXFileReference; lastKnownFileType = wrapper.framework; name = Alamofire.framework; path = "Pods/../build/Debug-iphoneos/Alamofire.framework"; sourceTree = "<group>"; };
		C89A9DD71BE235F7005113E4 /* Alamofire.framework */ = {isa = PBXFileReference; lastKnownFileType = wrapper.framework; name = Alamofire.framework; path = "Pods/../build/Debug-iphoneos/Alamofire.framework"; sourceTree = "<group>"; };
		C89A9DD81BE235F7005113E4 /* RxBlocking.framework */ = {isa = PBXFileReference; lastKnownFileType = wrapper.framework; name = RxBlocking.framework; path = "Pods/../build/Debug-iphoneos/RxBlocking.framework"; sourceTree = "<group>"; };
		C89A9DD91BE235F7005113E4 /* RxCocoa.framework */ = {isa = PBXFileReference; lastKnownFileType = wrapper.framework; name = RxCocoa.framework; path = "Pods/../build/Debug-iphoneos/RxCocoa.framework"; sourceTree = "<group>"; };
		C89A9DDA1BE235F7005113E4 /* RxSwift.framework */ = {isa = PBXFileReference; lastKnownFileType = wrapper.framework; name = RxSwift.framework; path = "Pods/../build/Debug-iphoneos/RxSwift.framework"; sourceTree = "<group>"; };
		CB40E3F21B89C59F00D1DB5A /* RxAlamofireExample.app */ = {isa = PBXFileReference; explicitFileType = wrapper.application; includeInIndex = 0; path = RxAlamofireExample.app; sourceTree = BUILT_PRODUCTS_DIR; };
		CB40E3F51B89C59F00D1DB5A /* AppDelegate.swift */ = {isa = PBXFileReference; lastKnownFileType = sourcecode.swift; path = AppDelegate.swift; sourceTree = "<group>"; };
		CB40E3F71B89C59F00D1DB5A /* MasterViewController.swift */ = {isa = PBXFileReference; lastKnownFileType = sourcecode.swift; path = MasterViewController.swift; sourceTree = "<group>"; };
		CB40E3FC1B89C59F00D1DB5A /* Base */ = {isa = PBXFileReference; lastKnownFileType = file.storyboard; name = Base; path = Base.lproj/Main.storyboard; sourceTree = "<group>"; };
		CB40E3FE1B89C59F00D1DB5A /* Assets.xcassets */ = {isa = PBXFileReference; lastKnownFileType = folder.assetcatalog; path = Assets.xcassets; sourceTree = "<group>"; };
		CB40E4011B89C59F00D1DB5A /* Base */ = {isa = PBXFileReference; lastKnownFileType = file.storyboard; name = Base; path = Base.lproj/LaunchScreen.storyboard; sourceTree = "<group>"; };
		CB40E4031B89C59F00D1DB5A /* Info.plist */ = {isa = PBXFileReference; lastKnownFileType = text.plist.xml; path = Info.plist; sourceTree = "<group>"; };
		CB40E4081B89C59F00D1DB5A /* RxAlamofireTests.xctest */ = {isa = PBXFileReference; explicitFileType = wrapper.cfbundle; includeInIndex = 0; path = RxAlamofireTests.xctest; sourceTree = BUILT_PRODUCTS_DIR; };
		CB40E40C1B89C59F00D1DB5A /* RxAlamofireTests.swift */ = {isa = PBXFileReference; lastKnownFileType = sourcecode.swift; path = RxAlamofireTests.swift; sourceTree = "<group>"; };
		CB40E40E1B89C59F00D1DB5A /* Info.plist */ = {isa = PBXFileReference; lastKnownFileType = text.plist.xml; path = Info.plist; sourceTree = "<group>"; };
		CB40E4181B89C6AF00D1DB5A /* RxAlamofire.swift */ = {isa = PBXFileReference; fileEncoding = 4; lastKnownFileType = sourcecode.swift; path = RxAlamofire.swift; sourceTree = "<group>"; };
		D54CDD85419EBF089E0C5733 /* Pods.debug.xcconfig */ = {isa = PBXFileReference; includeInIndex = 1; lastKnownFileType = text.xcconfig; name = Pods.debug.xcconfig; path = "Pods/Target Support Files/Pods/Pods.debug.xcconfig"; sourceTree = "<group>"; };
/* End PBXFileReference section */

/* Begin PBXFrameworksBuildPhase section */
		C89A0D271BE0D50E00744695 /* Frameworks */ = {
			isa = PBXFrameworksBuildPhase;
			buildActionMask = 2147483647;
			files = (
				C89A9DCC1BE234C5005113E4 /* Alamofire.framework in Frameworks */,
				C89A9DC91BE234C2005113E4 /* RxCocoa.framework in Frameworks */,
				C89A9DCA1BE234C2005113E4 /* RxSwift.framework in Frameworks */,
				C88D89A11BE0DC8E0065150F /* Pods.framework in Frameworks */,
			);
			runOnlyForDeploymentPostprocessing = 0;
		};
		CB40E3EF1B89C59F00D1DB5A /* Frameworks */ = {
			isa = PBXFrameworksBuildPhase;
			buildActionMask = 2147483647;
			files = (
				C89A9DDB1BE235F7005113E4 /* Alamofire.framework in Frameworks */,
				C89A9DDD1BE235F7005113E4 /* RxCocoa.framework in Frameworks */,
				C89A9DDE1BE235F7005113E4 /* RxSwift.framework in Frameworks */,
				700EE2240245BEFF6AFC6C1D /* Pods.framework in Frameworks */,
			);
			runOnlyForDeploymentPostprocessing = 0;
		};
		CB40E4051B89C59F00D1DB5A /* Frameworks */ = {
			isa = PBXFrameworksBuildPhase;
			buildActionMask = 2147483647;
			files = (
			);
			runOnlyForDeploymentPostprocessing = 0;
		};
/* End PBXFrameworksBuildPhase section */

/* Begin PBXGroup section */
		1DA0C886C320E785482C4F53 /* Pods */ = {
			isa = PBXGroup;
			children = (
				D54CDD85419EBF089E0C5733 /* Pods.debug.xcconfig */,
				51A02A42028A1D5999C76B77 /* Pods.release.xcconfig */,
			);
			name = Pods;
			sourceTree = "<group>";
		};
		A814E52A041EFB99D26E0B27 /* Frameworks */ = {
			isa = PBXGroup;
			children = (
				C89A9DD71BE235F7005113E4 /* Alamofire.framework */,
				C89A9DD81BE235F7005113E4 /* RxBlocking.framework */,
				C89A9DD91BE235F7005113E4 /* RxCocoa.framework */,
				C89A9DDA1BE235F7005113E4 /* RxSwift.framework */,
				C89A9DCB1BE234C5005113E4 /* Alamofire.framework */,
				C89A9DC71BE234C2005113E4 /* RxCocoa.framework */,
				C89A9DC81BE234C2005113E4 /* RxSwift.framework */,
				C89A9DC41BE2326B005113E4 /* Alamofire.framework */,
				C89A9DC21BE23249005113E4 /* CoreLocation.framework */,
				C89A9DBD1BE22411005113E4 /* RxCocoa.framework */,
				C89A9DBE1BE22411005113E4 /* RxSwift.framework */,
				C88D89A01BE0DC8E0065150F /* Pods.framework */,
				C85DF2068EB7035A9C865B69 /* Pods.framework */,
			);
			name = Frameworks;
			sourceTree = "<group>";
		};
		C89A0D2C1BE0D50E00744695 /* RxAlamofire-iOS */ = {
			isa = PBXGroup;
			children = (
				C89A0D2D1BE0D50E00744695 /* RxAlamofire-iOS.h */,
				C89A0D2F1BE0D50E00744695 /* Info.plist */,
			);
			path = "RxAlamofire-iOS";
			sourceTree = "<group>";
		};
		CB40E3E91B89C59F00D1DB5A = {
			isa = PBXGroup;
			children = (
				CB40E3F41B89C59F00D1DB5A /* RxAlamofire */,
				CB40E40B1B89C59F00D1DB5A /* RxAlamofireTests */,
				C89A0D2C1BE0D50E00744695 /* RxAlamofire-iOS */,
				CB40E3F31B89C59F00D1DB5A /* Products */,
				A814E52A041EFB99D26E0B27 /* Frameworks */,
				1DA0C886C320E785482C4F53 /* Pods */,
			);
			sourceTree = "<group>";
		};
		CB40E3F31B89C59F00D1DB5A /* Products */ = {
			isa = PBXGroup;
			children = (
				CB40E3F21B89C59F00D1DB5A /* RxAlamofireExample.app */,
				CB40E4081B89C59F00D1DB5A /* RxAlamofireTests.xctest */,
				C89A0D2B1BE0D50E00744695 /* RxAlamofire.framework */,
			);
			name = Products;
			sourceTree = "<group>";
		};
		CB40E3F41B89C59F00D1DB5A /* RxAlamofire */ = {
			isa = PBXGroup;
			children = (
				CB40E4171B89C6AF00D1DB5A /* Source */,
				CB40E3F51B89C59F00D1DB5A /* AppDelegate.swift */,
				CB40E3F71B89C59F00D1DB5A /* MasterViewController.swift */,
				CB40E3FB1B89C59F00D1DB5A /* Main.storyboard */,
				CB40E3FE1B89C59F00D1DB5A /* Assets.xcassets */,
				CB40E4001B89C59F00D1DB5A /* LaunchScreen.storyboard */,
				CB40E4031B89C59F00D1DB5A /* Info.plist */,
			);
			path = RxAlamofire;
			sourceTree = "<group>";
		};
		CB40E40B1B89C59F00D1DB5A /* RxAlamofireTests */ = {
			isa = PBXGroup;
			children = (
				CB40E40C1B89C59F00D1DB5A /* RxAlamofireTests.swift */,
				CB40E40E1B89C59F00D1DB5A /* Info.plist */,
			);
			path = RxAlamofireTests;
			sourceTree = "<group>";
		};
		CB40E4171B89C6AF00D1DB5A /* Source */ = {
			isa = PBXGroup;
			children = (
				CB40E4181B89C6AF00D1DB5A /* RxAlamofire.swift */,
			);
			path = Source;
			sourceTree = "<group>";
		};
/* End PBXGroup section */

/* Begin PBXHeadersBuildPhase section */
		C89A0D281BE0D50E00744695 /* Headers */ = {
			isa = PBXHeadersBuildPhase;
			buildActionMask = 2147483647;
			files = (
				C89A0D2E1BE0D50E00744695 /* RxAlamofire-iOS.h in Headers */,
			);
			runOnlyForDeploymentPostprocessing = 0;
		};
/* End PBXHeadersBuildPhase section */

/* Begin PBXNativeTarget section */
		C89A0D2A1BE0D50E00744695 /* RxAlamofire-iOS */ = {
			isa = PBXNativeTarget;
			buildConfigurationList = C89A0D341BE0D50E00744695 /* Build configuration list for PBXNativeTarget "RxAlamofire-iOS" */;
			buildPhases = (
				C89A0D261BE0D50E00744695 /* Sources */,
				C89A0D271BE0D50E00744695 /* Frameworks */,
				C89A0D281BE0D50E00744695 /* Headers */,
				C89A0D291BE0D50E00744695 /* Resources */,
			);
			buildRules = (
			);
			dependencies = (
			);
			name = "RxAlamofire-iOS";
			productName = "RxAlamofire-iOS";
			productReference = C89A0D2B1BE0D50E00744695 /* RxAlamofire.framework */;
			productType = "com.apple.product-type.framework";
		};
		CB40E3F11B89C59F00D1DB5A /* RxAlamofireExample */ = {
			isa = PBXNativeTarget;
			buildConfigurationList = CB40E4111B89C59F00D1DB5A /* Build configuration list for PBXNativeTarget "RxAlamofireExample" */;
			buildPhases = (
				CB40E3EE1B89C59F00D1DB5A /* Sources */,
				CB40E3EF1B89C59F00D1DB5A /* Frameworks */,
				CB40E3F01B89C59F00D1DB5A /* Resources */,
				C89A9DE31BE238AA005113E4 /* Embed Frameworks */,
				9C8B3D97A8C4BD3294593F4C /* Embed Pods Frameworks */,
			);
			buildRules = (
			);
			dependencies = (
				C89A9DE21BE238AA005113E4 /* PBXTargetDependency */,
			);
			name = RxAlamofireExample;
			productName = RxAlamofire;
			productReference = CB40E3F21B89C59F00D1DB5A /* RxAlamofireExample.app */;
			productType = "com.apple.product-type.application";
		};
		CB40E4071B89C59F00D1DB5A /* RxAlamofireTests */ = {
			isa = PBXNativeTarget;
			buildConfigurationList = CB40E4141B89C59F00D1DB5A /* Build configuration list for PBXNativeTarget "RxAlamofireTests" */;
			buildPhases = (
				CB40E4041B89C59F00D1DB5A /* Sources */,
				CB40E4051B89C59F00D1DB5A /* Frameworks */,
				CB40E4061B89C59F00D1DB5A /* Resources */,
			);
			buildRules = (
			);
			dependencies = (
				CB40E40A1B89C59F00D1DB5A /* PBXTargetDependency */,
			);
			name = RxAlamofireTests;
			productName = RxAlamofireTests;
			productReference = CB40E4081B89C59F00D1DB5A /* RxAlamofireTests.xctest */;
			productType = "com.apple.product-type.bundle.unit-test";
		};
/* End PBXNativeTarget section */

/* Begin PBXProject section */
		CB40E3EA1B89C59F00D1DB5A /* Project object */ = {
			isa = PBXProject;
			attributes = {
				LastUpgradeCheck = 0700;
				ORGANIZATIONNAME = Bonto.ch;
				TargetAttributes = {
					C89A0D2A1BE0D50E00744695 = {
						CreatedOnToolsVersion = 7.1;
					};
					CB40E3F11B89C59F00D1DB5A = {
						CreatedOnToolsVersion = 7.0;
					};
					CB40E4071B89C59F00D1DB5A = {
						CreatedOnToolsVersion = 7.0;
						TestTargetID = CB40E3F11B89C59F00D1DB5A;
					};
				};
			};
			buildConfigurationList = CB40E3ED1B89C59F00D1DB5A /* Build configuration list for PBXProject "RxAlamofire" */;
			compatibilityVersion = "Xcode 3.2";
			developmentRegion = English;
			hasScannedForEncodings = 0;
			knownRegions = (
				en,
				Base,
			);
			mainGroup = CB40E3E91B89C59F00D1DB5A;
			productRefGroup = CB40E3F31B89C59F00D1DB5A /* Products */;
			projectDirPath = "";
			projectRoot = "";
			targets = (
				CB40E3F11B89C59F00D1DB5A /* RxAlamofireExample */,
				CB40E4071B89C59F00D1DB5A /* RxAlamofireTests */,
				C89A0D2A1BE0D50E00744695 /* RxAlamofire-iOS */,
			);
		};
/* End PBXProject section */

/* Begin PBXResourcesBuildPhase section */
		C89A0D291BE0D50E00744695 /* Resources */ = {
			isa = PBXResourcesBuildPhase;
			buildActionMask = 2147483647;
			files = (
			);
			runOnlyForDeploymentPostprocessing = 0;
		};
		CB40E3F01B89C59F00D1DB5A /* Resources */ = {
			isa = PBXResourcesBuildPhase;
			buildActionMask = 2147483647;
			files = (
				CB40E4021B89C59F00D1DB5A /* LaunchScreen.storyboard in Resources */,
				CB40E3FF1B89C59F00D1DB5A /* Assets.xcassets in Resources */,
				CB40E3FD1B89C59F00D1DB5A /* Main.storyboard in Resources */,
			);
			runOnlyForDeploymentPostprocessing = 0;
		};
		CB40E4061B89C59F00D1DB5A /* Resources */ = {
			isa = PBXResourcesBuildPhase;
			buildActionMask = 2147483647;
			files = (
			);
			runOnlyForDeploymentPostprocessing = 0;
		};
/* End PBXResourcesBuildPhase section */

/* Begin PBXShellScriptBuildPhase section */
		9C8B3D97A8C4BD3294593F4C /* Embed Pods Frameworks */ = {
			isa = PBXShellScriptBuildPhase;
			buildActionMask = 2147483647;
			files = (
			);
			inputPaths = (
			);
			name = "Embed Pods Frameworks";
			outputPaths = (
			);
			runOnlyForDeploymentPostprocessing = 0;
			shellPath = /bin/sh;
			shellScript = "\"${SRCROOT}/Pods/Target Support Files/Pods/Pods-frameworks.sh\"\n";
			showEnvVarsInLog = 0;
		};
/* End PBXShellScriptBuildPhase section */

/* Begin PBXSourcesBuildPhase section */
		C89A0D261BE0D50E00744695 /* Sources */ = {
			isa = PBXSourcesBuildPhase;
			buildActionMask = 2147483647;
			files = (
				C89A0D381BE0D53200744695 /* RxAlamofire.swift in Sources */,
			);
			runOnlyForDeploymentPostprocessing = 0;
		};
		CB40E3EE1B89C59F00D1DB5A /* Sources */ = {
			isa = PBXSourcesBuildPhase;
			buildActionMask = 2147483647;
			files = (
				CB40E3F81B89C59F00D1DB5A /* MasterViewController.swift in Sources */,
				CB40E3F61B89C59F00D1DB5A /* AppDelegate.swift in Sources */,
			);
			runOnlyForDeploymentPostprocessing = 0;
		};
		CB40E4041B89C59F00D1DB5A /* Sources */ = {
			isa = PBXSourcesBuildPhase;
			buildActionMask = 2147483647;
			files = (
				CB40E40D1B89C59F00D1DB5A /* RxAlamofireTests.swift in Sources */,
			);
			runOnlyForDeploymentPostprocessing = 0;
		};
/* End PBXSourcesBuildPhase section */

/* Begin PBXTargetDependency section */
		C89A9DE21BE238AA005113E4 /* PBXTargetDependency */ = {
			isa = PBXTargetDependency;
			target = C89A0D2A1BE0D50E00744695 /* RxAlamofire-iOS */;
			targetProxy = C89A9DE11BE238AA005113E4 /* PBXContainerItemProxy */;
		};
		CB40E40A1B89C59F00D1DB5A /* PBXTargetDependency */ = {
			isa = PBXTargetDependency;
			target = CB40E3F11B89C59F00D1DB5A /* RxAlamofireExample */;
			targetProxy = CB40E4091B89C59F00D1DB5A /* PBXContainerItemProxy */;
		};
/* End PBXTargetDependency section */

/* Begin PBXVariantGroup section */
		CB40E3FB1B89C59F00D1DB5A /* Main.storyboard */ = {
			isa = PBXVariantGroup;
			children = (
				CB40E3FC1B89C59F00D1DB5A /* Base */,
			);
			name = Main.storyboard;
			sourceTree = "<group>";
		};
		CB40E4001B89C59F00D1DB5A /* LaunchScreen.storyboard */ = {
			isa = PBXVariantGroup;
			children = (
				CB40E4011B89C59F00D1DB5A /* Base */,
			);
			name = LaunchScreen.storyboard;
			sourceTree = "<group>";
		};
/* End PBXVariantGroup section */

/* Begin XCBuildConfiguration section */
		C89A0D351BE0D50E00744695 /* Debug */ = {
			isa = XCBuildConfiguration;
			buildSettings = {
				CURRENT_PROJECT_VERSION = 1;
				DEFINES_MODULE = YES;
				DYLIB_COMPATIBILITY_VERSION = 1;
				DYLIB_CURRENT_VERSION = 1;
				DYLIB_INSTALL_NAME_BASE = "@rpath";
				FRAMEWORK_SEARCH_PATHS = (
					"$(inherited)",
					"$(PROJECT_DIR)/build/Debug-iphoneos",
				);
				INFOPLIST_FILE = "RxAlamofire-iOS/Info.plist";
				INSTALL_PATH = "$(LOCAL_LIBRARY_DIR)/Frameworks";
				IPHONEOS_DEPLOYMENT_TARGET = 8.0;
				PRODUCT_BUNDLE_IDENTIFIER = "ch.bonto.RxAlamofire.RxAlamofire-iOS";
				PRODUCT_NAME = RxAlamofire;
				SKIP_INSTALL = YES;
				TARGETED_DEVICE_FAMILY = "1,2";
				VERSIONING_SYSTEM = "apple-generic";
				VERSION_INFO_PREFIX = "";
			};
			name = Debug;
		};
		C89A0D361BE0D50E00744695 /* Release */ = {
			isa = XCBuildConfiguration;
			buildSettings = {
				CURRENT_PROJECT_VERSION = 1;
				DEFINES_MODULE = YES;
				DYLIB_COMPATIBILITY_VERSION = 1;
				DYLIB_CURRENT_VERSION = 1;
				DYLIB_INSTALL_NAME_BASE = "@rpath";
				FRAMEWORK_SEARCH_PATHS = (
					"$(inherited)",
					"$(PROJECT_DIR)/build/Debug-iphoneos",
				);
				INFOPLIST_FILE = "RxAlamofire-iOS/Info.plist";
				INSTALL_PATH = "$(LOCAL_LIBRARY_DIR)/Frameworks";
				IPHONEOS_DEPLOYMENT_TARGET = 8.0;
				PRODUCT_BUNDLE_IDENTIFIER = "ch.bonto.RxAlamofire.RxAlamofire-iOS";
				PRODUCT_NAME = RxAlamofire;
				SKIP_INSTALL = YES;
				TARGETED_DEVICE_FAMILY = "1,2";
				VERSIONING_SYSTEM = "apple-generic";
				VERSION_INFO_PREFIX = "";
			};
			name = Release;
		};
		CB40E40F1B89C59F00D1DB5A /* Debug */ = {
			isa = XCBuildConfiguration;
			buildSettings = {
				ALWAYS_SEARCH_USER_PATHS = NO;
				CLANG_CXX_LANGUAGE_STANDARD = "gnu++0x";
				CLANG_CXX_LIBRARY = "libc++";
				CLANG_ENABLE_MODULES = YES;
				CLANG_ENABLE_OBJC_ARC = YES;
				CLANG_WARN_BOOL_CONVERSION = YES;
				CLANG_WARN_CONSTANT_CONVERSION = YES;
				CLANG_WARN_DIRECT_OBJC_ISA_USAGE = YES_ERROR;
				CLANG_WARN_EMPTY_BODY = YES;
				CLANG_WARN_ENUM_CONVERSION = YES;
				CLANG_WARN_INT_CONVERSION = YES;
				CLANG_WARN_OBJC_ROOT_CLASS = YES_ERROR;
				CLANG_WARN_UNREACHABLE_CODE = YES;
				CLANG_WARN__DUPLICATE_METHOD_MATCH = YES;
				"CODE_SIGN_IDENTITY[sdk=iphoneos*]" = "iPhone Developer";
				COPY_PHASE_STRIP = NO;
				DEBUG_INFORMATION_FORMAT = dwarf;
				ENABLE_STRICT_OBJC_MSGSEND = YES;
				ENABLE_TESTABILITY = YES;
				GCC_C_LANGUAGE_STANDARD = gnu99;
				GCC_DYNAMIC_NO_PIC = NO;
				GCC_NO_COMMON_BLOCKS = YES;
				GCC_OPTIMIZATION_LEVEL = 0;
				GCC_PREPROCESSOR_DEFINITIONS = (
					"DEBUG=1",
					"$(inherited)",
				);
				GCC_WARN_64_TO_32_BIT_CONVERSION = YES;
				GCC_WARN_ABOUT_RETURN_TYPE = YES_ERROR;
				GCC_WARN_UNDECLARED_SELECTOR = YES;
				GCC_WARN_UNINITIALIZED_AUTOS = YES_AGGRESSIVE;
				GCC_WARN_UNUSED_FUNCTION = YES;
				GCC_WARN_UNUSED_VARIABLE = YES;
				IPHONEOS_DEPLOYMENT_TARGET = 9.0;
				MTL_ENABLE_DEBUG_INFO = YES;
				ONLY_ACTIVE_ARCH = YES;
				SDKROOT = iphoneos;
				SWIFT_OPTIMIZATION_LEVEL = "-Onone";
			};
			name = Debug;
		};
		CB40E4101B89C59F00D1DB5A /* Release */ = {
			isa = XCBuildConfiguration;
			buildSettings = {
				ALWAYS_SEARCH_USER_PATHS = NO;
				CLANG_CXX_LANGUAGE_STANDARD = "gnu++0x";
				CLANG_CXX_LIBRARY = "libc++";
				CLANG_ENABLE_MODULES = YES;
				CLANG_ENABLE_OBJC_ARC = YES;
				CLANG_WARN_BOOL_CONVERSION = YES;
				CLANG_WARN_CONSTANT_CONVERSION = YES;
				CLANG_WARN_DIRECT_OBJC_ISA_USAGE = YES_ERROR;
				CLANG_WARN_EMPTY_BODY = YES;
				CLANG_WARN_ENUM_CONVERSION = YES;
				CLANG_WARN_INT_CONVERSION = YES;
				CLANG_WARN_OBJC_ROOT_CLASS = YES_ERROR;
				CLANG_WARN_UNREACHABLE_CODE = YES;
				CLANG_WARN__DUPLICATE_METHOD_MATCH = YES;
				"CODE_SIGN_IDENTITY[sdk=iphoneos*]" = "iPhone Developer";
				COPY_PHASE_STRIP = NO;
				DEBUG_INFORMATION_FORMAT = "dwarf-with-dsym";
				ENABLE_NS_ASSERTIONS = NO;
				ENABLE_STRICT_OBJC_MSGSEND = YES;
				GCC_C_LANGUAGE_STANDARD = gnu99;
				GCC_NO_COMMON_BLOCKS = YES;
				GCC_WARN_64_TO_32_BIT_CONVERSION = YES;
				GCC_WARN_ABOUT_RETURN_TYPE = YES_ERROR;
				GCC_WARN_UNDECLARED_SELECTOR = YES;
				GCC_WARN_UNINITIALIZED_AUTOS = YES_AGGRESSIVE;
				GCC_WARN_UNUSED_FUNCTION = YES;
				GCC_WARN_UNUSED_VARIABLE = YES;
				IPHONEOS_DEPLOYMENT_TARGET = 9.0;
				MTL_ENABLE_DEBUG_INFO = NO;
				SDKROOT = iphoneos;
				VALIDATE_PRODUCT = YES;
			};
			name = Release;
		};
		CB40E4121B89C59F00D1DB5A /* Debug */ = {
			isa = XCBuildConfiguration;
			baseConfigurationReference = D54CDD85419EBF089E0C5733 /* Pods.debug.xcconfig */;
			buildSettings = {
				ASSETCATALOG_COMPILER_APPICON_NAME = AppIcon;
				EMBEDDED_CONTENT_CONTAINS_SWIFT = YES;
				FRAMEWORK_SEARCH_PATHS = (
					"$(inherited)",
					"$(PROJECT_DIR)/build/Debug-iphoneos",
				);
				INFOPLIST_FILE = RxAlamofire/Info.plist;
				LD_RUNPATH_SEARCH_PATHS = "$(inherited) @executable_path/Frameworks";
				PRODUCT_BUNDLE_IDENTIFIER = ch.bonto.RxAlamofire.Example;
				PRODUCT_NAME = "$(TARGET_NAME)";
			};
			name = Debug;
		};
		CB40E4131B89C59F00D1DB5A /* Release */ = {
			isa = XCBuildConfiguration;
			baseConfigurationReference = 51A02A42028A1D5999C76B77 /* Pods.release.xcconfig */;
			buildSettings = {
				ASSETCATALOG_COMPILER_APPICON_NAME = AppIcon;
				EMBEDDED_CONTENT_CONTAINS_SWIFT = YES;
				FRAMEWORK_SEARCH_PATHS = (
					"$(inherited)",
					"$(PROJECT_DIR)/build/Debug-iphoneos",
				);
				INFOPLIST_FILE = RxAlamofire/Info.plist;
				LD_RUNPATH_SEARCH_PATHS = "$(inherited) @executable_path/Frameworks";
				PRODUCT_BUNDLE_IDENTIFIER = ch.bonto.RxAlamofire.Example;
				PRODUCT_NAME = "$(TARGET_NAME)";
			};
			name = Release;
		};
		CB40E4151B89C59F00D1DB5A /* Debug */ = {
			isa = XCBuildConfiguration;
			buildSettings = {
				BUNDLE_LOADER = "$(TEST_HOST)";
				INFOPLIST_FILE = RxAlamofireTests/Info.plist;
				LD_RUNPATH_SEARCH_PATHS = "$(inherited) @executable_path/Frameworks @loader_path/Frameworks";
				PRODUCT_BUNDLE_IDENTIFIER = ch.bonto.RxAlamofireTests;
				PRODUCT_NAME = "$(TARGET_NAME)";
				TEST_HOST = "$(BUILT_PRODUCTS_DIR)/RxAlamofire.app/RxAlamofire";
			};
			name = Debug;
		};
		CB40E4161B89C59F00D1DB5A /* Release */ = {
			isa = XCBuildConfiguration;
			buildSettings = {
				BUNDLE_LOADER = "$(TEST_HOST)";
				INFOPLIST_FILE = RxAlamofireTests/Info.plist;
				LD_RUNPATH_SEARCH_PATHS = "$(inherited) @executable_path/Frameworks @loader_path/Frameworks";
				PRODUCT_BUNDLE_IDENTIFIER = ch.bonto.RxAlamofireTests;
				PRODUCT_NAME = "$(TARGET_NAME)";
				TEST_HOST = "$(BUILT_PRODUCTS_DIR)/RxAlamofire.app/RxAlamofire";
			};
			name = Release;
		};
/* End XCBuildConfiguration section */

/* Begin XCConfigurationList section */
		C89A0D341BE0D50E00744695 /* Build configuration list for PBXNativeTarget "RxAlamofire-iOS" */ = {
			isa = XCConfigurationList;
			buildConfigurations = (
				C89A0D351BE0D50E00744695 /* Debug */,
				C89A0D361BE0D50E00744695 /* Release */,
			);
			defaultConfigurationIsVisible = 0;
			defaultConfigurationName = Release;
		};
		CB40E3ED1B89C59F00D1DB5A /* Build configuration list for PBXProject "RxAlamofire" */ = {
			isa = XCConfigurationList;
			buildConfigurations = (
				CB40E40F1B89C59F00D1DB5A /* Debug */,
				CB40E4101B89C59F00D1DB5A /* Release */,
			);
			defaultConfigurationIsVisible = 0;
			defaultConfigurationName = Release;
		};
		CB40E4111B89C59F00D1DB5A /* Build configuration list for PBXNativeTarget "RxAlamofireExample" */ = {
			isa = XCConfigurationList;
			buildConfigurations = (
				CB40E4121B89C59F00D1DB5A /* Debug */,
				CB40E4131B89C59F00D1DB5A /* Release */,
			);
			defaultConfigurationIsVisible = 0;
			defaultConfigurationName = Release;
		};
		CB40E4141B89C59F00D1DB5A /* Build configuration list for PBXNativeTarget "RxAlamofireTests" */ = {
			isa = XCConfigurationList;
			buildConfigurations = (
				CB40E4151B89C59F00D1DB5A /* Debug */,
				CB40E4161B89C59F00D1DB5A /* Release */,
			);
			defaultConfigurationIsVisible = 0;
			defaultConfigurationName = Release;
		};
/* End XCConfigurationList section */
	};
	rootObject = CB40E3EA1B89C59F00D1DB5A /* Project object */;
}
