// !$*UTF8*$!
{
	archiveVersion = 1;
	classes = {
	};
	objectVersion = 51;
	objects = {

/* Begin PBXBuildFile section */
		00DF98C0D4CBA60B141FF8C4 /* RxRelay.framework in Frameworks */ = {isa = PBXBuildFile; fileRef = EC59D347F5CBCF36203E9367 /* RxRelay.framework */; };
		2CE896CED6E5BC0DBA1481B6 /* Alamofire.framework in Frameworks */ = {isa = PBXBuildFile; fileRef = 931E1AD90E72F0C52CC19CF5 /* Alamofire.framework */; };
		2DAB45BE50D0B7605C82DF6A /* RxSwift.framework in Frameworks */ = {isa = PBXBuildFile; fileRef = D138B2D5F6DC2191AE48CE45 /* RxSwift.framework */; };
		4A34158ECC511B960D2F96A1 /* RxRelay.framework in Frameworks */ = {isa = PBXBuildFile; fileRef = E5D0E682AEE25C42DECAE35B /* RxRelay.framework */; };
		4BAFB0147A4F68B560720CFC /* RxRelay.framework in Frameworks */ = {isa = PBXBuildFile; fileRef = A667FFDF5C13F30D164EB313 /* RxRelay.framework */; };
		7D621525A60233EB51C9F894 /* Alamofire.framework in Frameworks */ = {isa = PBXBuildFile; fileRef = 1FE07489457BEA1242D97848 /* Alamofire.framework */; };
		8213B0BD6E8DC445E3911950 /* RxRelay.framework in Frameworks */ = {isa = PBXBuildFile; fileRef = 82EA652B6CB44E1E382BEFCB /* RxRelay.framework */; };
		88F830924B46A5FC8BA5F49E /* URLSession+RxAlamofire.swift in Sources */ = {isa = PBXBuildFile; fileRef = 0EC1B4133A55A47C529A248E /* URLSession+RxAlamofire.swift */; };
		9FD976EDA7A88396AD5D1B59 /* RxSwift.framework in Frameworks */ = {isa = PBXBuildFile; fileRef = A1F8EB0AB497650CFFB48E78 /* RxSwift.framework */; };
		AB13E710B077474DA7F0E87D /* RxAlamofire.swift in Sources */ = {isa = PBXBuildFile; fileRef = 3135F48C8341D861BB741107 /* RxAlamofire.swift */; };
		AC602334E96E22D8C0CB840C /* RxSwift.framework in Frameworks */ = {isa = PBXBuildFile; fileRef = 3BDE5499DC3081B58EAE4C40 /* RxSwift.framework */; };
		AE1AAE1AC3C41E0E3EDF0B2B /* RxCocoa.framework in Frameworks */ = {isa = PBXBuildFile; fileRef = 8DE459EC5874DC8FE73207BE /* RxCocoa.framework */; };
		B363AE468B3D819F0768BC34 /* Alamofire.framework in Frameworks */ = {isa = PBXBuildFile; fileRef = 0384DB51B432FCE57ECEEBB8 /* Alamofire.framework */; };
		B8261A5B587D10BE9D57B402 /* Alamofire.framework in Frameworks */ = {isa = PBXBuildFile; fileRef = 7344131D11B109658CC96ACE /* Alamofire.framework */; };
		B9D98B0B75A04ACEF73E3CB7 /* RxCocoa.framework in Frameworks */ = {isa = PBXBuildFile; fileRef = 760CB2E21D7F43071D30AB4E /* RxCocoa.framework */; };
		C0AD0BFFE6512531A91D5835 /* RxCocoa.framework in Frameworks */ = {isa = PBXBuildFile; fileRef = 33B7A786B80FB8C562B7EE5E /* RxCocoa.framework */; };
		CB79F1BE459467ADE1D03A23 /* RxSwift.framework in Frameworks */ = {isa = PBXBuildFile; fileRef = D24B3AB7F2678326B1319873 /* RxSwift.framework */; };
		CFECCEFADDF0C2DF2F716D02 /* RxCocoa.framework in Frameworks */ = {isa = PBXBuildFile; fileRef = 0D73106E0BAB91899D303C43 /* RxCocoa.framework */; };
		D085A39F3AA5E73EA3040FD7 /* URLSession+RxAlamofire.swift in Sources */ = {isa = PBXBuildFile; fileRef = 0EC1B4133A55A47C529A248E /* URLSession+RxAlamofire.swift */; };
		D9EC6C5C0EA4F965F39C9441 /* RxAlamofire.swift in Sources */ = {isa = PBXBuildFile; fileRef = 3135F48C8341D861BB741107 /* RxAlamofire.swift */; };
		DA230BED4459CEA6CE50AE7D /* RxAlamofire.swift in Sources */ = {isa = PBXBuildFile; fileRef = 3135F48C8341D861BB741107 /* RxAlamofire.swift */; };
		DA31CEC2113A1063F1A8DCBA /* URLSession+RxAlamofire.swift in Sources */ = {isa = PBXBuildFile; fileRef = 0EC1B4133A55A47C529A248E /* URLSession+RxAlamofire.swift */; };
		E821D4A139E5030311C95C48 /* RxAlamofire.swift in Sources */ = {isa = PBXBuildFile; fileRef = 3135F48C8341D861BB741107 /* RxAlamofire.swift */; };
		EAAA66DCB09ED386F1E93873 /* URLSession+RxAlamofire.swift in Sources */ = {isa = PBXBuildFile; fileRef = 0EC1B4133A55A47C529A248E /* URLSession+RxAlamofire.swift */; };
/* End PBXBuildFile section */

/* Begin PBXFileReference section */
		0384DB51B432FCE57ECEEBB8 /* Alamofire.framework */ = {isa = PBXFileReference; lastKnownFileType = wrapper.framework; path = Alamofire.framework; sourceTree = "<group>"; };
		0D73106E0BAB91899D303C43 /* RxCocoa.framework */ = {isa = PBXFileReference; lastKnownFileType = wrapper.framework; path = RxCocoa.framework; sourceTree = "<group>"; };
		0EC1B4133A55A47C529A248E /* URLSession+RxAlamofire.swift */ = {isa = PBXFileReference; lastKnownFileType = sourcecode.swift; path = "URLSession+RxAlamofire.swift"; sourceTree = "<group>"; };
		1FE07489457BEA1242D97848 /* Alamofire.framework */ = {isa = PBXFileReference; lastKnownFileType = wrapper.framework; path = Alamofire.framework; sourceTree = "<group>"; };
		21B247CF1664B5268790D3A6 /* Info.plist */ = {isa = PBXFileReference; lastKnownFileType = text.plist; path = Info.plist; sourceTree = "<group>"; };
		3135F48C8341D861BB741107 /* RxAlamofire.swift */ = {isa = PBXFileReference; lastKnownFileType = sourcecode.swift; path = RxAlamofire.swift; sourceTree = "<group>"; };
		33B7A786B80FB8C562B7EE5E /* RxCocoa.framework */ = {isa = PBXFileReference; lastKnownFileType = wrapper.framework; path = RxCocoa.framework; sourceTree = "<group>"; };
		3BDE5499DC3081B58EAE4C40 /* RxSwift.framework */ = {isa = PBXFileReference; lastKnownFileType = wrapper.framework; path = RxSwift.framework; sourceTree = "<group>"; };
		6B365935DDEE06324FC39C7D /* RxAlamofire watchOS.framework */ = {isa = PBXFileReference; explicitFileType = wrapper.framework; includeInIndex = 0; path = "RxAlamofire watchOS.framework"; sourceTree = BUILT_PRODUCTS_DIR; };
		7344131D11B109658CC96ACE /* Alamofire.framework */ = {isa = PBXFileReference; lastKnownFileType = wrapper.framework; path = Alamofire.framework; sourceTree = "<group>"; };
		760CB2E21D7F43071D30AB4E /* RxCocoa.framework */ = {isa = PBXFileReference; lastKnownFileType = wrapper.framework; path = RxCocoa.framework; sourceTree = "<group>"; };
		82EA652B6CB44E1E382BEFCB /* RxRelay.framework */ = {isa = PBXFileReference; lastKnownFileType = wrapper.framework; path = RxRelay.framework; sourceTree = "<group>"; };
		8DE459EC5874DC8FE73207BE /* RxCocoa.framework */ = {isa = PBXFileReference; lastKnownFileType = wrapper.framework; path = RxCocoa.framework; sourceTree = "<group>"; };
		8FF0E111A2AA444531BBEF4E /* RxAlamofire iOS.framework */ = {isa = PBXFileReference; explicitFileType = wrapper.framework; includeInIndex = 0; path = "RxAlamofire iOS.framework"; sourceTree = BUILT_PRODUCTS_DIR; };
		931E1AD90E72F0C52CC19CF5 /* Alamofire.framework */ = {isa = PBXFileReference; lastKnownFileType = wrapper.framework; path = Alamofire.framework; sourceTree = "<group>"; };
		9E0A5D782C3C6C8F03FFF815 /* RxAlamofire tvOS.framework */ = {isa = PBXFileReference; explicitFileType = wrapper.framework; includeInIndex = 0; path = "RxAlamofire tvOS.framework"; sourceTree = BUILT_PRODUCTS_DIR; };
		A1F8EB0AB497650CFFB48E78 /* RxSwift.framework */ = {isa = PBXFileReference; lastKnownFileType = wrapper.framework; path = RxSwift.framework; sourceTree = "<group>"; };
		A667FFDF5C13F30D164EB313 /* RxRelay.framework */ = {isa = PBXFileReference; lastKnownFileType = wrapper.framework; path = RxRelay.framework; sourceTree = "<group>"; };
		A959128E6F8E1C6D5C3C6F1D /* RxAlamofire macOS.framework */ = {isa = PBXFileReference; explicitFileType = wrapper.framework; includeInIndex = 0; path = "RxAlamofire macOS.framework"; sourceTree = BUILT_PRODUCTS_DIR; };
		D138B2D5F6DC2191AE48CE45 /* RxSwift.framework */ = {isa = PBXFileReference; lastKnownFileType = wrapper.framework; path = RxSwift.framework; sourceTree = "<group>"; };
		D24B3AB7F2678326B1319873 /* RxSwift.framework */ = {isa = PBXFileReference; lastKnownFileType = wrapper.framework; path = RxSwift.framework; sourceTree = "<group>"; };
		E5D0E682AEE25C42DECAE35B /* RxRelay.framework */ = {isa = PBXFileReference; lastKnownFileType = wrapper.framework; path = RxRelay.framework; sourceTree = "<group>"; };
		EC59D347F5CBCF36203E9367 /* RxRelay.framework */ = {isa = PBXFileReference; lastKnownFileType = wrapper.framework; path = RxRelay.framework; sourceTree = "<group>"; };
/* End PBXFileReference section */

/* Begin PBXFrameworksBuildPhase section */
		2F9C629EA03BCF7DDD1AA41B /* Frameworks */ = {
			isa = PBXFrameworksBuildPhase;
			buildActionMask = 2147483647;
			files = (
				B8261A5B587D10BE9D57B402 /* Alamofire.framework in Frameworks */,
				CB79F1BE459467ADE1D03A23 /* RxSwift.framework in Frameworks */,
				C0AD0BFFE6512531A91D5835 /* RxCocoa.framework in Frameworks */,
				4BAFB0147A4F68B560720CFC /* RxRelay.framework in Frameworks */,
			);
			runOnlyForDeploymentPostprocessing = 0;
		};
		6608CC655EA915135D1AE003 /* Frameworks */ = {
			isa = PBXFrameworksBuildPhase;
			buildActionMask = 2147483647;
			files = (
				2CE896CED6E5BC0DBA1481B6 /* Alamofire.framework in Frameworks */,
				9FD976EDA7A88396AD5D1B59 /* RxSwift.framework in Frameworks */,
				AE1AAE1AC3C41E0E3EDF0B2B /* RxCocoa.framework in Frameworks */,
				4A34158ECC511B960D2F96A1 /* RxRelay.framework in Frameworks */,
			);
			runOnlyForDeploymentPostprocessing = 0;
		};
		D1523943EC4332DF0E2052FC /* Frameworks */ = {
			isa = PBXFrameworksBuildPhase;
			buildActionMask = 2147483647;
			files = (
				7D621525A60233EB51C9F894 /* Alamofire.framework in Frameworks */,
				AC602334E96E22D8C0CB840C /* RxSwift.framework in Frameworks */,
				CFECCEFADDF0C2DF2F716D02 /* RxCocoa.framework in Frameworks */,
				8213B0BD6E8DC445E3911950 /* RxRelay.framework in Frameworks */,
			);
			runOnlyForDeploymentPostprocessing = 0;
		};
		D3792261E944C94152AC0097 /* Frameworks */ = {
			isa = PBXFrameworksBuildPhase;
			buildActionMask = 2147483647;
			files = (
				B363AE468B3D819F0768BC34 /* Alamofire.framework in Frameworks */,
				2DAB45BE50D0B7605C82DF6A /* RxSwift.framework in Frameworks */,
				B9D98B0B75A04ACEF73E3CB7 /* RxCocoa.framework in Frameworks */,
				00DF98C0D4CBA60B141FF8C4 /* RxRelay.framework in Frameworks */,
			);
			runOnlyForDeploymentPostprocessing = 0;
		};
/* End PBXFrameworksBuildPhase section */

/* Begin PBXGroup section */
		08CA660D2122B2A9FBB18F38 /* Frameworks */ = {
			isa = PBXGroup;
			children = (
				6042CCFAA359DB21409294E8 /* Carthage */,
			);
			name = Frameworks;
			sourceTree = "<group>";
		};
		152C4813CBF5E762077FF7CB /* watchOS */ = {
			isa = PBXGroup;
			children = (
				7344131D11B109658CC96ACE /* Alamofire.framework */,
				33B7A786B80FB8C562B7EE5E /* RxCocoa.framework */,
				A667FFDF5C13F30D164EB313 /* RxRelay.framework */,
				D24B3AB7F2678326B1319873 /* RxSwift.framework */,
			);
			path = watchOS;
			sourceTree = "<group>";
		};
		1BEC4E621B883F837B2BD913 /* Products */ = {
			isa = PBXGroup;
			children = (
				8FF0E111A2AA444531BBEF4E /* RxAlamofire iOS.framework */,
				A959128E6F8E1C6D5C3C6F1D /* RxAlamofire macOS.framework */,
				9E0A5D782C3C6C8F03FFF815 /* RxAlamofire tvOS.framework */,
				6B365935DDEE06324FC39C7D /* RxAlamofire watchOS.framework */,
			);
			name = Products;
			sourceTree = "<group>";
		};
		217A3F0EDA9EF78E90C5278B /* Cocoa */ = {
			isa = PBXGroup;
			children = (
				0EC1B4133A55A47C529A248E /* URLSession+RxAlamofire.swift */,
			);
			path = Cocoa;
			sourceTree = "<group>";
		};
		6042CCFAA359DB21409294E8 /* Carthage */ = {
			isa = PBXGroup;
			children = (
				DD0CAD1621F0934E688774CC /* iOS */,
				949054E8D06BEB34E34F667C /* Mac */,
				DB8AAD0D7D9AB47BA825F4CB /* tvOS */,
				152C4813CBF5E762077FF7CB /* watchOS */,
			);
			name = Carthage;
			path = Carthage/Build;
			sourceTree = "<group>";
		};
		949054E8D06BEB34E34F667C /* Mac */ = {
			isa = PBXGroup;
			children = (
				1FE07489457BEA1242D97848 /* Alamofire.framework */,
				0D73106E0BAB91899D303C43 /* RxCocoa.framework */,
				82EA652B6CB44E1E382BEFCB /* RxRelay.framework */,
				3BDE5499DC3081B58EAE4C40 /* RxSwift.framework */,
			);
			path = Mac;
			sourceTree = "<group>";
		};
		A69D268E0F848FD62C75A15C = {
			isa = PBXGroup;
			children = (
				CEB3E900EFCAB3BD5EE63B8B /* RxAlamofire */,
				08CA660D2122B2A9FBB18F38 /* Frameworks */,
				1BEC4E621B883F837B2BD913 /* Products */,
			);
			indentWidth = 2;
			sourceTree = "<group>";
			tabWidth = 2;
			usesTabs = 0;
		};
		CEB3E900EFCAB3BD5EE63B8B /* RxAlamofire */ = {
			isa = PBXGroup;
			children = (
				21B247CF1664B5268790D3A6 /* Info.plist */,
				3135F48C8341D861BB741107 /* RxAlamofire.swift */,
				217A3F0EDA9EF78E90C5278B /* Cocoa */,
			);
			name = RxAlamofire;
			path = Sources/RxAlamofire;
			sourceTree = "<group>";
		};
		DB8AAD0D7D9AB47BA825F4CB /* tvOS */ = {
			isa = PBXGroup;
			children = (
				931E1AD90E72F0C52CC19CF5 /* Alamofire.framework */,
				8DE459EC5874DC8FE73207BE /* RxCocoa.framework */,
				E5D0E682AEE25C42DECAE35B /* RxRelay.framework */,
				A1F8EB0AB497650CFFB48E78 /* RxSwift.framework */,
			);
			path = tvOS;
			sourceTree = "<group>";
		};
		DD0CAD1621F0934E688774CC /* iOS */ = {
			isa = PBXGroup;
			children = (
				0384DB51B432FCE57ECEEBB8 /* Alamofire.framework */,
				760CB2E21D7F43071D30AB4E /* RxCocoa.framework */,
				EC59D347F5CBCF36203E9367 /* RxRelay.framework */,
				D138B2D5F6DC2191AE48CE45 /* RxSwift.framework */,
			);
			path = iOS;
			sourceTree = "<group>";
		};
/* End PBXGroup section */

/* Begin PBXNativeTarget section */
		73D12D3780EBC65D207E1F16 /* RxAlamofire iOS */ = {
			isa = PBXNativeTarget;
			buildConfigurationList = 8AC30854BE8A7F7F123AC733 /* Build configuration list for PBXNativeTarget "RxAlamofire iOS" */;
			buildPhases = (
				454335A048E2BFFACEAAB20A /* Sources */,
				D3792261E944C94152AC0097 /* Frameworks */,
			);
			buildRules = (
			);
			dependencies = (
			);
			name = "RxAlamofire iOS";
			productName = "RxAlamofire iOS";
			productReference = 8FF0E111A2AA444531BBEF4E /* RxAlamofire iOS.framework */;
			productType = "com.apple.product-type.framework";
		};
		A776096A786BE57F11C5B9FA /* RxAlamofire tvOS */ = {
			isa = PBXNativeTarget;
			buildConfigurationList = 8728AF49150E382895170A83 /* Build configuration list for PBXNativeTarget "RxAlamofire tvOS" */;
			buildPhases = (
				6CF49E70D65F08DC8027B280 /* Sources */,
				6608CC655EA915135D1AE003 /* Frameworks */,
			);
			buildRules = (
			);
			dependencies = (
			);
			name = "RxAlamofire tvOS";
			productName = "RxAlamofire tvOS";
			productReference = 9E0A5D782C3C6C8F03FFF815 /* RxAlamofire tvOS.framework */;
			productType = "com.apple.product-type.framework";
		};
		FB3DDC45C3FBCB3CA0480999 /* RxAlamofire watchOS */ = {
			isa = PBXNativeTarget;
			buildConfigurationList = 45BDAC6C68D85F6F26580D96 /* Build configuration list for PBXNativeTarget "RxAlamofire watchOS" */;
			buildPhases = (
				14A0427A21215DCCE43A2EA2 /* Sources */,
				2F9C629EA03BCF7DDD1AA41B /* Frameworks */,
			);
			buildRules = (
			);
			dependencies = (
			);
			name = "RxAlamofire watchOS";
			productName = "RxAlamofire watchOS";
			productReference = 6B365935DDEE06324FC39C7D /* RxAlamofire watchOS.framework */;
			productType = "com.apple.product-type.framework";
		};
		FBF9C9788697890E5FADA871 /* RxAlamofire macOS */ = {
			isa = PBXNativeTarget;
			buildConfigurationList = 55B231F67223EC5BCB3275A6 /* Build configuration list for PBXNativeTarget "RxAlamofire macOS" */;
			buildPhases = (
				EE026B07F02531575B90AC07 /* Sources */,
				D1523943EC4332DF0E2052FC /* Frameworks */,
			);
			buildRules = (
			);
			dependencies = (
			);
			name = "RxAlamofire macOS";
			productName = "RxAlamofire macOS";
			productReference = A959128E6F8E1C6D5C3C6F1D /* RxAlamofire macOS.framework */;
			productType = "com.apple.product-type.framework";
		};
/* End PBXNativeTarget section */

/* Begin PBXProject section */
		26A56EE735A9C247341EBA45 /* Project object */ = {
			isa = PBXProject;
			attributes = {
				LastUpgradeCheck = 1140;
				ORGANIZATIONNAME = RxSwiftCommunity;
				TargetAttributes = {
				};
			};
			buildConfigurationList = FE3A4B4109842298484A21D5 /* Build configuration list for PBXProject "RxAlamofire" */;
			compatibilityVersion = "Xcode 10.0";
			developmentRegion = en;
			hasScannedForEncodings = 0;
			knownRegions = (
				Base,
				en,
			);
			mainGroup = A69D268E0F848FD62C75A15C;
			projectDirPath = "";
			projectRoot = "";
			targets = (
				73D12D3780EBC65D207E1F16 /* RxAlamofire iOS */,
				FBF9C9788697890E5FADA871 /* RxAlamofire macOS */,
				A776096A786BE57F11C5B9FA /* RxAlamofire tvOS */,
				FB3DDC45C3FBCB3CA0480999 /* RxAlamofire watchOS */,
			);
		};
/* End PBXProject section */

/* Begin PBXSourcesBuildPhase section */
		14A0427A21215DCCE43A2EA2 /* Sources */ = {
			isa = PBXSourcesBuildPhase;
			buildActionMask = 2147483647;
			files = (
				DA230BED4459CEA6CE50AE7D /* RxAlamofire.swift in Sources */,
				DA31CEC2113A1063F1A8DCBA /* URLSession+RxAlamofire.swift in Sources */,
			);
			runOnlyForDeploymentPostprocessing = 0;
		};
		454335A048E2BFFACEAAB20A /* Sources */ = {
			isa = PBXSourcesBuildPhase;
			buildActionMask = 2147483647;
			files = (
				AB13E710B077474DA7F0E87D /* RxAlamofire.swift in Sources */,
				EAAA66DCB09ED386F1E93873 /* URLSession+RxAlamofire.swift in Sources */,
			);
			runOnlyForDeploymentPostprocessing = 0;
		};
		6CF49E70D65F08DC8027B280 /* Sources */ = {
			isa = PBXSourcesBuildPhase;
			buildActionMask = 2147483647;
			files = (
				E821D4A139E5030311C95C48 /* RxAlamofire.swift in Sources */,
				88F830924B46A5FC8BA5F49E /* URLSession+RxAlamofire.swift in Sources */,
			);
			runOnlyForDeploymentPostprocessing = 0;
		};
		EE026B07F02531575B90AC07 /* Sources */ = {
			isa = PBXSourcesBuildPhase;
			buildActionMask = 2147483647;
			files = (
				D9EC6C5C0EA4F965F39C9441 /* RxAlamofire.swift in Sources */,
				D085A39F3AA5E73EA3040FD7 /* URLSession+RxAlamofire.swift in Sources */,
			);
			runOnlyForDeploymentPostprocessing = 0;
		};
/* End PBXSourcesBuildPhase section */

/* Begin XCBuildConfiguration section */
		09E9D5CB0C0AA8D801E7ED87 /* Debug */ = {
			isa = XCBuildConfiguration;
			buildSettings = {
				BUILD_LIBRARY_FOR_DISTRIBUTION = YES;
				CODE_SIGN_IDENTITY = "";
				CURRENT_PROJECT_VERSION = 1;
				DEFINES_MODULE = YES;
				DYLIB_COMPATIBILITY_VERSION = 1;
				DYLIB_CURRENT_VERSION = 1;
				DYLIB_INSTALL_NAME_BASE = "@rpath";
				FRAMEWORK_SEARCH_PATHS = (
					"$(inherited)",
					"$(PROJECT_DIR)/Carthage/Build/tvOS",
				);
				INFOPLIST_FILE = Sources/RxAlamofire/Info.plist;
				INSTALL_PATH = "$(LOCAL_LIBRARY_DIR)/Frameworks";
				LD_RUNPATH_SEARCH_PATHS = (
					"$(inherited)",
					"@executable_path/Frameworks",
				);
				PRODUCT_BUNDLE_IDENTIFIER = "RxSwiftCommunity.RxAlamofire.RxAlamofire-tvOS";
				PRODUCT_NAME = RxAlamofire;
				SDKROOT = appletvos;
				SKIP_INSTALL = NO;
				TARGETED_DEVICE_FAMILY = 3;
				VERSIONING_SYSTEM = "apple-generic";
			};
			name = Debug;
		};
		240A13B96272DD86C40BB0A6 /* Debug */ = {
			isa = XCBuildConfiguration;
			buildSettings = {
				BUILD_LIBRARY_FOR_DISTRIBUTION = YES;
				CODE_SIGN_IDENTITY = "";
				CURRENT_PROJECT_VERSION = 1;
				DEFINES_MODULE = YES;
				DYLIB_COMPATIBILITY_VERSION = 1;
				DYLIB_CURRENT_VERSION = 1;
				DYLIB_INSTALL_NAME_BASE = "@rpath";
				FRAMEWORK_SEARCH_PATHS = (
					"$(inherited)",
					"$(PROJECT_DIR)/Carthage/Build/watchOS",
				);
				INFOPLIST_FILE = Sources/RxAlamofire/Info.plist;
				INSTALL_PATH = "$(LOCAL_LIBRARY_DIR)/Frameworks";
				PRODUCT_BUNDLE_IDENTIFIER = "RxSwiftCommunity.RxAlamofire.RxAlamofire-watchOS";
				PRODUCT_NAME = RxAlamofire;
				SDKROOT = watchos;
				SKIP_INSTALL = NO;
				TARGETED_DEVICE_FAMILY = 4;
				VERSIONING_SYSTEM = "apple-generic";
			};
			name = Debug;
		};
		3026FD9AF091FC2EF5C8A480 /* Debug */ = {
			isa = XCBuildConfiguration;
			buildSettings = {
				BUILD_LIBRARY_FOR_DISTRIBUTION = YES;
				CODE_SIGN_IDENTITY = "";
				COMBINE_HIDPI_IMAGES = YES;
				CURRENT_PROJECT_VERSION = 1;
				DEFINES_MODULE = YES;
				DYLIB_COMPATIBILITY_VERSION = 1;
				DYLIB_CURRENT_VERSION = 1;
				DYLIB_INSTALL_NAME_BASE = "@rpath";
				FRAMEWORK_SEARCH_PATHS = (
					"$(inherited)",
					"$(PROJECT_DIR)/Carthage/Build/Mac",
				);
				INFOPLIST_FILE = Sources/RxAlamofire/Info.plist;
				INSTALL_PATH = "$(LOCAL_LIBRARY_DIR)/Frameworks";
				LD_RUNPATH_SEARCH_PATHS = (
					"$(inherited)",
					"@executable_path/../Frameworks",
				);
				PRODUCT_BUNDLE_IDENTIFIER = "RxSwiftCommunity.RxAlamofire.RxAlamofire-macOS";
				PRODUCT_NAME = RxAlamofire;
				SDKROOT = macosx;
				SKIP_INSTALL = NO;
				VERSIONING_SYSTEM = "apple-generic";
			};
			name = Debug;
		};
		39072B322A71963487E93F92 /* Release */ = {
			isa = XCBuildConfiguration;
			buildSettings = {
				BUILD_LIBRARY_FOR_DISTRIBUTION = YES;
				CODE_SIGN_IDENTITY = "";
				CURRENT_PROJECT_VERSION = 1;
				DEFINES_MODULE = YES;
				DYLIB_COMPATIBILITY_VERSION = 1;
				DYLIB_CURRENT_VERSION = 1;
				DYLIB_INSTALL_NAME_BASE = "@rpath";
				FRAMEWORK_SEARCH_PATHS = (
					"$(inherited)",
					"$(PROJECT_DIR)/Carthage/Build/watchOS",
				);
				INFOPLIST_FILE = Sources/RxAlamofire/Info.plist;
				INSTALL_PATH = "$(LOCAL_LIBRARY_DIR)/Frameworks";
				PRODUCT_BUNDLE_IDENTIFIER = "RxSwiftCommunity.RxAlamofire.RxAlamofire-watchOS";
				PRODUCT_NAME = RxAlamofire;
				SDKROOT = watchos;
				SKIP_INSTALL = NO;
				TARGETED_DEVICE_FAMILY = 4;
				VERSIONING_SYSTEM = "apple-generic";
			};
			name = Release;
		};
		3CF1EEA2912CE0124C7965C1 /* Release */ = {
			isa = XCBuildConfiguration;
			buildSettings = {
				BUILD_LIBRARY_FOR_DISTRIBUTION = YES;
				CODE_SIGN_IDENTITY = "";
				CURRENT_PROJECT_VERSION = 1;
				DEFINES_MODULE = YES;
				DYLIB_COMPATIBILITY_VERSION = 1;
				DYLIB_CURRENT_VERSION = 1;
				DYLIB_INSTALL_NAME_BASE = "@rpath";
				FRAMEWORK_SEARCH_PATHS = (
					"$(inherited)",
					"$(PROJECT_DIR)/Carthage/Build/tvOS",
				);
				INFOPLIST_FILE = Sources/RxAlamofire/Info.plist;
				INSTALL_PATH = "$(LOCAL_LIBRARY_DIR)/Frameworks";
				LD_RUNPATH_SEARCH_PATHS = (
					"$(inherited)",
					"@executable_path/Frameworks",
				);
				PRODUCT_BUNDLE_IDENTIFIER = "RxSwiftCommunity.RxAlamofire.RxAlamofire-tvOS";
				PRODUCT_NAME = RxAlamofire;
				SDKROOT = appletvos;
				SKIP_INSTALL = NO;
				TARGETED_DEVICE_FAMILY = 3;
				VERSIONING_SYSTEM = "apple-generic";
			};
			name = Release;
		};
		52AE2FBA3667D1D9A67F1020 /* Debug */ = {
			isa = XCBuildConfiguration;
			buildSettings = {
				ALWAYS_SEARCH_USER_PATHS = NO;
				CLANG_ANALYZER_NONNULL = YES;
				CLANG_ANALYZER_NUMBER_OBJECT_CONVERSION = YES_AGGRESSIVE;
				CLANG_CXX_LANGUAGE_STANDARD = "gnu++14";
				CLANG_CXX_LIBRARY = "libc++";
				CLANG_ENABLE_MODULES = YES;
				CLANG_ENABLE_OBJC_ARC = YES;
				CLANG_ENABLE_OBJC_WEAK = YES;
				CLANG_WARN_BLOCK_CAPTURE_AUTORELEASING = YES;
				CLANG_WARN_BOOL_CONVERSION = YES;
				CLANG_WARN_COMMA = YES;
				CLANG_WARN_CONSTANT_CONVERSION = YES;
				CLANG_WARN_DEPRECATED_OBJC_IMPLEMENTATIONS = YES;
				CLANG_WARN_DIRECT_OBJC_ISA_USAGE = YES_ERROR;
				CLANG_WARN_DOCUMENTATION_COMMENTS = YES;
				CLANG_WARN_EMPTY_BODY = YES;
				CLANG_WARN_ENUM_CONVERSION = YES;
				CLANG_WARN_INFINITE_RECURSION = YES;
				CLANG_WARN_INT_CONVERSION = YES;
				CLANG_WARN_NON_LITERAL_NULL_CONVERSION = YES;
				CLANG_WARN_OBJC_IMPLICIT_RETAIN_SELF = YES;
				CLANG_WARN_OBJC_LITERAL_CONVERSION = YES;
				CLANG_WARN_OBJC_ROOT_CLASS = YES_ERROR;
				CLANG_WARN_QUOTED_INCLUDE_IN_FRAMEWORK_HEADER = YES;
				CLANG_WARN_RANGE_LOOP_ANALYSIS = YES;
				CLANG_WARN_STRICT_PROTOTYPES = YES;
				CLANG_WARN_SUSPICIOUS_MOVE = YES;
				CLANG_WARN_UNGUARDED_AVAILABILITY = YES_AGGRESSIVE;
				CLANG_WARN_UNREACHABLE_CODE = YES;
				CLANG_WARN__DUPLICATE_METHOD_MATCH = YES;
				COPY_PHASE_STRIP = NO;
				DEBUG_INFORMATION_FORMAT = dwarf;
				ENABLE_STRICT_OBJC_MSGSEND = YES;
				ENABLE_TESTABILITY = YES;
				GCC_C_LANGUAGE_STANDARD = gnu11;
				GCC_DYNAMIC_NO_PIC = NO;
				GCC_NO_COMMON_BLOCKS = YES;
				GCC_OPTIMIZATION_LEVEL = 0;
				GCC_PREPROCESSOR_DEFINITIONS = (
					"$(inherited)",
					"DEBUG=1",
				);
				GCC_WARN_64_TO_32_BIT_CONVERSION = YES;
				GCC_WARN_ABOUT_RETURN_TYPE = YES_ERROR;
				GCC_WARN_UNDECLARED_SELECTOR = YES;
				GCC_WARN_UNINITIALIZED_AUTOS = YES_AGGRESSIVE;
				GCC_WARN_UNUSED_FUNCTION = YES;
				GCC_WARN_UNUSED_VARIABLE = YES;
				IPHONEOS_DEPLOYMENT_TARGET = 10.0;
				MACOSX_DEPLOYMENT_TARGET = 10.12;
				MTL_ENABLE_DEBUG_INFO = INCLUDE_SOURCE;
				MTL_FAST_MATH = YES;
				ONLY_ACTIVE_ARCH = YES;
				PRODUCT_NAME = "$(TARGET_NAME)";
				SWIFT_ACTIVE_COMPILATION_CONDITIONS = DEBUG;
				SWIFT_OPTIMIZATION_LEVEL = "-Onone";
				SWIFT_VERSION = 5.0;
				TVOS_DEPLOYMENT_TARGET = 10.0;
				WATCHOS_DEPLOYMENT_TARGET = 3.0;
			};
			name = Debug;
		};
		5696B824894E06850090A14A /* Release */ = {
			isa = XCBuildConfiguration;
			buildSettings = {
				BUILD_LIBRARY_FOR_DISTRIBUTION = YES;
				CODE_SIGN_IDENTITY = "";
				CURRENT_PROJECT_VERSION = 1;
				DEFINES_MODULE = YES;
				DYLIB_COMPATIBILITY_VERSION = 1;
				DYLIB_CURRENT_VERSION = 1;
				DYLIB_INSTALL_NAME_BASE = "@rpath";
				FRAMEWORK_SEARCH_PATHS = (
					"$(inherited)",
					"$(PROJECT_DIR)/Carthage/Build/iOS",
				);
				INFOPLIST_FILE = Sources/RxAlamofire/Info.plist;
				INSTALL_PATH = "$(LOCAL_LIBRARY_DIR)/Frameworks";
				LD_RUNPATH_SEARCH_PATHS = (
					"$(inherited)",
					"@executable_path/Frameworks",
				);
				PRODUCT_BUNDLE_IDENTIFIER = "RxSwiftCommunity.RxAlamofire.RxAlamofire-iOS";
				PRODUCT_NAME = RxAlamofire;
				SDKROOT = iphoneos;
				SKIP_INSTALL = NO;
				SUPPORTS_MACCATALYST = NO;
				TARGETED_DEVICE_FAMILY = "1,2";
				VERSIONING_SYSTEM = "apple-generic";
			};
			name = Release;
		};
		7935FE1A966F3A03CCA0B2C0 /* Release */ = {
			isa = XCBuildConfiguration;
			buildSettings = {
				BUILD_LIBRARY_FOR_DISTRIBUTION = YES;
				CODE_SIGN_IDENTITY = "";
				COMBINE_HIDPI_IMAGES = YES;
				CURRENT_PROJECT_VERSION = 1;
				DEFINES_MODULE = YES;
				DYLIB_COMPATIBILITY_VERSION = 1;
				DYLIB_CURRENT_VERSION = 1;
				DYLIB_INSTALL_NAME_BASE = "@rpath";
				FRAMEWORK_SEARCH_PATHS = (
					"$(inherited)",
					"$(PROJECT_DIR)/Carthage/Build/Mac",
				);
				INFOPLIST_FILE = Sources/RxAlamofire/Info.plist;
				INSTALL_PATH = "$(LOCAL_LIBRARY_DIR)/Frameworks";
				LD_RUNPATH_SEARCH_PATHS = (
					"$(inherited)",
					"@executable_path/../Frameworks",
				);
				PRODUCT_BUNDLE_IDENTIFIER = "RxSwiftCommunity.RxAlamofire.RxAlamofire-macOS";
				PRODUCT_NAME = RxAlamofire;
				SDKROOT = macosx;
				SKIP_INSTALL = NO;
				VERSIONING_SYSTEM = "apple-generic";
			};
			name = Release;
		};
		8B25F905EA75E4D468B5866A /* Debug */ = {
			isa = XCBuildConfiguration;
			buildSettings = {
				BUILD_LIBRARY_FOR_DISTRIBUTION = YES;
				CODE_SIGN_IDENTITY = "";
				CURRENT_PROJECT_VERSION = 1;
				DEFINES_MODULE = YES;
				DYLIB_COMPATIBILITY_VERSION = 1;
				DYLIB_CURRENT_VERSION = 1;
				DYLIB_INSTALL_NAME_BASE = "@rpath";
				FRAMEWORK_SEARCH_PATHS = (
					"$(inherited)",
					"$(PROJECT_DIR)/Carthage/Build/iOS",
				);
				INFOPLIST_FILE = Sources/RxAlamofire/Info.plist;
				INSTALL_PATH = "$(LOCAL_LIBRARY_DIR)/Frameworks";
				LD_RUNPATH_SEARCH_PATHS = (
					"$(inherited)",
					"@executable_path/Frameworks",
				);
				PRODUCT_BUNDLE_IDENTIFIER = "RxSwiftCommunity.RxAlamofire.RxAlamofire-iOS";
				PRODUCT_NAME = RxAlamofire;
				SDKROOT = iphoneos;
				SKIP_INSTALL = NO;
				SUPPORTS_MACCATALYST = NO;
				TARGETED_DEVICE_FAMILY = "1,2";
				VERSIONING_SYSTEM = "apple-generic";
			};
			name = Debug;
		};
		9B45762F5ACF785A959B630A /* Release */ = {
			isa = XCBuildConfiguration;
			buildSettings = {
				ALWAYS_SEARCH_USER_PATHS = NO;
				CLANG_ANALYZER_NONNULL = YES;
				CLANG_ANALYZER_NUMBER_OBJECT_CONVERSION = YES_AGGRESSIVE;
				CLANG_CXX_LANGUAGE_STANDARD = "gnu++14";
				CLANG_CXX_LIBRARY = "libc++";
				CLANG_ENABLE_MODULES = YES;
				CLANG_ENABLE_OBJC_ARC = YES;
				CLANG_ENABLE_OBJC_WEAK = YES;
				CLANG_WARN_BLOCK_CAPTURE_AUTORELEASING = YES;
				CLANG_WARN_BOOL_CONVERSION = YES;
				CLANG_WARN_COMMA = YES;
				CLANG_WARN_CONSTANT_CONVERSION = YES;
				CLANG_WARN_DEPRECATED_OBJC_IMPLEMENTATIONS = YES;
				CLANG_WARN_DIRECT_OBJC_ISA_USAGE = YES_ERROR;
				CLANG_WARN_DOCUMENTATION_COMMENTS = YES;
				CLANG_WARN_EMPTY_BODY = YES;
				CLANG_WARN_ENUM_CONVERSION = YES;
				CLANG_WARN_INFINITE_RECURSION = YES;
				CLANG_WARN_INT_CONVERSION = YES;
				CLANG_WARN_NON_LITERAL_NULL_CONVERSION = YES;
				CLANG_WARN_OBJC_IMPLICIT_RETAIN_SELF = YES;
				CLANG_WARN_OBJC_LITERAL_CONVERSION = YES;
				CLANG_WARN_OBJC_ROOT_CLASS = YES_ERROR;
				CLANG_WARN_QUOTED_INCLUDE_IN_FRAMEWORK_HEADER = YES;
				CLANG_WARN_RANGE_LOOP_ANALYSIS = YES;
				CLANG_WARN_STRICT_PROTOTYPES = YES;
				CLANG_WARN_SUSPICIOUS_MOVE = YES;
				CLANG_WARN_UNGUARDED_AVAILABILITY = YES_AGGRESSIVE;
				CLANG_WARN_UNREACHABLE_CODE = YES;
				CLANG_WARN__DUPLICATE_METHOD_MATCH = YES;
				COPY_PHASE_STRIP = NO;
				DEBUG_INFORMATION_FORMAT = "dwarf-with-dsym";
				ENABLE_NS_ASSERTIONS = NO;
				ENABLE_STRICT_OBJC_MSGSEND = YES;
				GCC_C_LANGUAGE_STANDARD = gnu11;
				GCC_NO_COMMON_BLOCKS = YES;
				GCC_WARN_64_TO_32_BIT_CONVERSION = YES;
				GCC_WARN_ABOUT_RETURN_TYPE = YES_ERROR;
				GCC_WARN_UNDECLARED_SELECTOR = YES;
				GCC_WARN_UNINITIALIZED_AUTOS = YES_AGGRESSIVE;
				GCC_WARN_UNUSED_FUNCTION = YES;
				GCC_WARN_UNUSED_VARIABLE = YES;
				IPHONEOS_DEPLOYMENT_TARGET = 10.0;
				MACOSX_DEPLOYMENT_TARGET = 10.12;
				MTL_ENABLE_DEBUG_INFO = NO;
				MTL_FAST_MATH = YES;
				PRODUCT_NAME = "$(TARGET_NAME)";
				SWIFT_COMPILATION_MODE = wholemodule;
				SWIFT_OPTIMIZATION_LEVEL = "-O";
				SWIFT_VERSION = 5.0;
				TVOS_DEPLOYMENT_TARGET = 10.0;
				WATCHOS_DEPLOYMENT_TARGET = 3.0;
			};
			name = Release;
		};
/* End XCBuildConfiguration section */

/* Begin XCConfigurationList section */
		45BDAC6C68D85F6F26580D96 /* Build configuration list for PBXNativeTarget "RxAlamofire watchOS" */ = {
			isa = XCConfigurationList;
			buildConfigurations = (
				240A13B96272DD86C40BB0A6 /* Debug */,
				39072B322A71963487E93F92 /* Release */,
			);
			defaultConfigurationIsVisible = 0;
			defaultConfigurationName = Release;
		};
		55B231F67223EC5BCB3275A6 /* Build configuration list for PBXNativeTarget "RxAlamofire macOS" */ = {
			isa = XCConfigurationList;
			buildConfigurations = (
				3026FD9AF091FC2EF5C8A480 /* Debug */,
				7935FE1A966F3A03CCA0B2C0 /* Release */,
			);
			defaultConfigurationIsVisible = 0;
			defaultConfigurationName = Release;
		};
		8728AF49150E382895170A83 /* Build configuration list for PBXNativeTarget "RxAlamofire tvOS" */ = {
			isa = XCConfigurationList;
			buildConfigurations = (
				09E9D5CB0C0AA8D801E7ED87 /* Debug */,
				3CF1EEA2912CE0124C7965C1 /* Release */,
			);
			defaultConfigurationIsVisible = 0;
			defaultConfigurationName = Release;
		};
		8AC30854BE8A7F7F123AC733 /* Build configuration list for PBXNativeTarget "RxAlamofire iOS" */ = {
			isa = XCConfigurationList;
			buildConfigurations = (
				8B25F905EA75E4D468B5866A /* Debug */,
				5696B824894E06850090A14A /* Release */,
			);
			defaultConfigurationIsVisible = 0;
			defaultConfigurationName = Release;
		};
		FE3A4B4109842298484A21D5 /* Build configuration list for PBXProject "RxAlamofire" */ = {
			isa = XCConfigurationList;
			buildConfigurations = (
				52AE2FBA3667D1D9A67F1020 /* Debug */,
				9B45762F5ACF785A959B630A /* Release */,
			);
			defaultConfigurationIsVisible = 0;
			defaultConfigurationName = Release;
		};
/* End XCConfigurationList section */
	};
	rootObject = 26A56EE735A9C247341EBA45 /* Project object */;
}
