// !$*UTF8*$!
{
	archiveVersion = 1;
	classes = {
	};
	objectVersion = 50;
	objects = {

/* Begin PBXBuildFile section */
		03A270B6202B5DF100C3BE0C /* ValidateTests.swift in Sources */ = {isa = PBXBuildFile; fileRef = 03A270B5202B5DF100C3BE0C /* ValidateTests.swift */; };
		206FD0C3E0F1249782508DB2 /* Pods_RxAlamofireTests.framework in Frameworks */ = {isa = PBXBuildFile; fileRef = 336B5BA92ECC93E0081543E8 /* Pods_RxAlamofireTests.framework */; };
		3BD7955480E335718F90FBDF /* Pods_RxAlamofire_tvOS.framework in Frameworks */ = {isa = PBXBuildFile; fileRef = 32B25093CC2D0F35D80D1CD3 /* Pods_RxAlamofire_tvOS.framework */; };
		5DBD1C248ECC28C220A08A11 /* Pods_RxAlamofire_tvOS_Example.framework in Frameworks */ = {isa = PBXBuildFile; fileRef = 916077E66DA3A0C0C678E892 /* Pods_RxAlamofire_tvOS_Example.framework */; };
		5FDB5FC7FE2D2B02FF0BBEE2 /* Pods_RxAlamofire_iOS_Example.framework in Frameworks */ = {isa = PBXBuildFile; fileRef = BDA364C7F68B162EA3340DAE /* Pods_RxAlamofire_iOS_Example.framework */; };
		637D95951C4E37CE00F1FA67 /* BuildFile in Resources */ = {isa = PBXBuildFile; };
		637D95961C4E37CE00F1FA67 /* BuildFile in Resources */ = {isa = PBXBuildFile; };
		637D95991C4E37F200F1FA67 /* BuildFile in Resources */ = {isa = PBXBuildFile; };
		637D959A1C4E37F200F1FA67 /* BuildFile in Resources */ = {isa = PBXBuildFile; };
		637D959D1C4E380300F1FA67 /* BuildFile in Resources */ = {isa = PBXBuildFile; };
		637D959E1C4E380300F1FA67 /* BuildFile in Resources */ = {isa = PBXBuildFile; };
		69711E225747D999E8A42D79 /* Pods_RxAlamofire_iOS.framework in Frameworks */ = {isa = PBXBuildFile; fileRef = A18A956266B69233C2607A84 /* Pods_RxAlamofire_iOS.framework */; };
		A57A28CE1D78E8EB000D88BA /* RxAlamofireTests.swift in Sources */ = {isa = PBXBuildFile; fileRef = A57A28CD1D78E8EB000D88BA /* RxAlamofireTests.swift */; };
		A57A28D01D78E8EB000D88BA /* RxAlamofire.framework in Frameworks */ = {isa = PBXBuildFile; fileRef = C89A0D2B1BE0D50E00744695 /* RxAlamofire.framework */; };
		C87D2C661D8F33EE003F5936 /* RxAlamofire.h in Headers */ = {isa = PBXBuildFile; fileRef = C87D2C611D8F33EE003F5936 /* RxAlamofire.h */; settings = {ATTRIBUTES = (Public, ); }; };
		C87D2C6D1D8F33FF003F5936 /* RxAlamofire.h in Headers */ = {isa = PBXBuildFile; fileRef = C87D2C6B1D8F33FF003F5936 /* RxAlamofire.h */; settings = {ATTRIBUTES = (Public, ); }; };
		C87D2C831D8F34C2003F5936 /* AppDelegate.swift in Sources */ = {isa = PBXBuildFile; fileRef = C87D2C7E1D8F34C2003F5936 /* AppDelegate.swift */; };
		C87D2C841D8F34C2003F5936 /* Assets.xcassets in Resources */ = {isa = PBXBuildFile; fileRef = C87D2C7F1D8F34C2003F5936 /* Assets.xcassets */; };
		C87D2C851D8F34C2003F5936 /* Main.storyboard in Resources */ = {isa = PBXBuildFile; fileRef = C87D2C801D8F34C2003F5936 /* Main.storyboard */; };
		C87D2C901D8F34CF003F5936 /* AppDelegate.swift in Sources */ = {isa = PBXBuildFile; fileRef = C87D2C881D8F34CF003F5936 /* AppDelegate.swift */; };
		C87D2C911D8F34CF003F5936 /* Assets.xcassets in Resources */ = {isa = PBXBuildFile; fileRef = C87D2C891D8F34CF003F5936 /* Assets.xcassets */; };
		C87D2C921D8F34CF003F5936 /* LaunchScreen.storyboard in Resources */ = {isa = PBXBuildFile; fileRef = C87D2C8A1D8F34CF003F5936 /* LaunchScreen.storyboard */; };
		C87D2C931D8F34CF003F5936 /* Main.storyboard in Resources */ = {isa = PBXBuildFile; fileRef = C87D2C8C1D8F34CF003F5936 /* Main.storyboard */; };
		C87D2C951D8F34CF003F5936 /* MasterViewController.swift in Sources */ = {isa = PBXBuildFile; fileRef = C87D2C8F1D8F34CF003F5936 /* MasterViewController.swift */; };
		C87D2C961D8F3585003F5936 /* RxAlamofire.framework in Frameworks */ = {isa = PBXBuildFile; fileRef = C89A0D2B1BE0D50E00744695 /* RxAlamofire.framework */; };
		C87D2C971D8F3585003F5936 /* RxAlamofire.framework in Embed Frameworks */ = {isa = PBXBuildFile; fileRef = C89A0D2B1BE0D50E00744695 /* RxAlamofire.framework */; settings = {ATTRIBUTES = (CodeSignOnCopy, RemoveHeadersOnCopy, ); }; };
		C87D2C9B1D8F358C003F5936 /* RxAlamofire.framework in Frameworks */ = {isa = PBXBuildFile; fileRef = 637D95711C4E370C00F1FA67 /* RxAlamofire.framework */; };
		C87D2C9C1D8F358C003F5936 /* RxAlamofire.framework in Embed Frameworks */ = {isa = PBXBuildFile; fileRef = 637D95711C4E370C00F1FA67 /* RxAlamofire.framework */; settings = {ATTRIBUTES = (CodeSignOnCopy, RemoveHeadersOnCopy, ); }; };
		C87D2CA51D8F35F8003F5936 /* URLSession+RxAlamofire.swift in Sources */ = {isa = PBXBuildFile; fileRef = C87D2CA21D8F35F8003F5936 /* URLSession+RxAlamofire.swift */; };
		C87D2CA61D8F35F8003F5936 /* URLSession+RxAlamofire.swift in Sources */ = {isa = PBXBuildFile; fileRef = C87D2CA21D8F35F8003F5936 /* URLSession+RxAlamofire.swift */; };
		C87D2CA71D8F35F8003F5936 /* RxAlamofire.h in Headers */ = {isa = PBXBuildFile; fileRef = C87D2CA31D8F35F8003F5936 /* RxAlamofire.h */; };
		C87D2CA81D8F35F8003F5936 /* RxAlamofire.h in Headers */ = {isa = PBXBuildFile; fileRef = C87D2CA31D8F35F8003F5936 /* RxAlamofire.h */; };
		C87D2CA91D8F35F8003F5936 /* RxAlamofire.swift in Sources */ = {isa = PBXBuildFile; fileRef = C87D2CA41D8F35F8003F5936 /* RxAlamofire.swift */; };
		C87D2CAA1D8F35F8003F5936 /* RxAlamofire.swift in Sources */ = {isa = PBXBuildFile; fileRef = C87D2CA41D8F35F8003F5936 /* RxAlamofire.swift */; };
/* End PBXBuildFile section */

/* Begin PBXContainerItemProxy section */
		A57A28D11D78E8EB000D88BA /* PBXContainerItemProxy */ = {
			isa = PBXContainerItemProxy;
			containerPortal = CB40E3EA1B89C59F00D1DB5A /* Project object */;
			proxyType = 1;
			remoteGlobalIDString = C89A0D2A1BE0D50E00744695;
			remoteInfo = "RxAlamofire-iOS";
		};
		C87D2C981D8F3585003F5936 /* PBXContainerItemProxy */ = {
			isa = PBXContainerItemProxy;
			containerPortal = CB40E3EA1B89C59F00D1DB5A /* Project object */;
			proxyType = 1;
			remoteGlobalIDString = C89A0D2A1BE0D50E00744695;
			remoteInfo = "RxAlamofire-iOS";
		};
		C87D2C9D1D8F358C003F5936 /* PBXContainerItemProxy */ = {
			isa = PBXContainerItemProxy;
			containerPortal = CB40E3EA1B89C59F00D1DB5A /* Project object */;
			proxyType = 1;
			remoteGlobalIDString = 637D95701C4E370C00F1FA67;
			remoteInfo = "RxAlamofire-tvOS";
		};
/* End PBXContainerItemProxy section */

/* Begin PBXCopyFilesBuildPhase section */
		C87D2C9A1D8F3585003F5936 /* Embed Frameworks */ = {
			isa = PBXCopyFilesBuildPhase;
			buildActionMask = 2147483647;
			dstPath = "";
			dstSubfolderSpec = 10;
			files = (
				C87D2C971D8F3585003F5936 /* RxAlamofire.framework in Embed Frameworks */,
			);
			name = "Embed Frameworks";
			runOnlyForDeploymentPostprocessing = 0;
		};
		C87D2C9F1D8F358D003F5936 /* Embed Frameworks */ = {
			isa = PBXCopyFilesBuildPhase;
			buildActionMask = 2147483647;
			dstPath = "";
			dstSubfolderSpec = 10;
			files = (
				C87D2C9C1D8F358C003F5936 /* RxAlamofire.framework in Embed Frameworks */,
			);
			name = "Embed Frameworks";
			runOnlyForDeploymentPostprocessing = 0;
		};
/* End PBXCopyFilesBuildPhase section */

/* Begin PBXFileReference section */
		03A270B5202B5DF100C3BE0C /* ValidateTests.swift */ = {isa = PBXFileReference; lastKnownFileType = sourcecode.swift; path = ValidateTests.swift; sourceTree = "<group>"; };
		1A4A4F7FDC3D323AEBA1B89A /* Pods-RxAlamofire-tvOS.debug.xcconfig */ = {isa = PBXFileReference; includeInIndex = 1; lastKnownFileType = text.xcconfig; name = "Pods-RxAlamofire-tvOS.debug.xcconfig"; path = "Target Support Files/Pods-RxAlamofire-tvOS/Pods-RxAlamofire-tvOS.debug.xcconfig"; sourceTree = "<group>"; };
		1D3843D181E7646BA59091EF /* Pods-RxAlamofire-iOS.release.xcconfig */ = {isa = PBXFileReference; includeInIndex = 1; lastKnownFileType = text.xcconfig; name = "Pods-RxAlamofire-iOS.release.xcconfig"; path = "Target Support Files/Pods-RxAlamofire-iOS/Pods-RxAlamofire-iOS.release.xcconfig"; sourceTree = "<group>"; };
		2FC230ECF1AAEE0BCCE8A9BE /* Pods-RxAlamofire-tvOS-Example.debug.xcconfig */ = {isa = PBXFileReference; includeInIndex = 1; lastKnownFileType = text.xcconfig; name = "Pods-RxAlamofire-tvOS-Example.debug.xcconfig"; path = "Target Support Files/Pods-RxAlamofire-tvOS-Example/Pods-RxAlamofire-tvOS-Example.debug.xcconfig"; sourceTree = "<group>"; };
		32B25093CC2D0F35D80D1CD3 /* Pods_RxAlamofire_tvOS.framework */ = {isa = PBXFileReference; explicitFileType = wrapper.framework; includeInIndex = 0; path = Pods_RxAlamofire_tvOS.framework; sourceTree = BUILT_PRODUCTS_DIR; };
		336B5BA92ECC93E0081543E8 /* Pods_RxAlamofireTests.framework */ = {isa = PBXFileReference; explicitFileType = wrapper.framework; includeInIndex = 0; path = Pods_RxAlamofireTests.framework; sourceTree = BUILT_PRODUCTS_DIR; };
		3E6EB37AFFDCA71287070E42 /* Pods-RxAlamofire-iOS.debug.xcconfig */ = {isa = PBXFileReference; includeInIndex = 1; lastKnownFileType = text.xcconfig; name = "Pods-RxAlamofire-iOS.debug.xcconfig"; path = "Target Support Files/Pods-RxAlamofire-iOS/Pods-RxAlamofire-iOS.debug.xcconfig"; sourceTree = "<group>"; };
		637D95711C4E370C00F1FA67 /* RxAlamofire.framework */ = {isa = PBXFileReference; explicitFileType = wrapper.framework; includeInIndex = 0; path = RxAlamofire.framework; sourceTree = BUILT_PRODUCTS_DIR; };
		637D957F1C4E374500F1FA67 /* RxAlamofire-tvOS-Example.app */ = {isa = PBXFileReference; explicitFileType = wrapper.application; includeInIndex = 0; path = "RxAlamofire-tvOS-Example.app"; sourceTree = BUILT_PRODUCTS_DIR; };
		85EC535C4AA000F70C790845 /* Pods-RxAlamofire-iOS-Example.debug.xcconfig */ = {isa = PBXFileReference; includeInIndex = 1; lastKnownFileType = text.xcconfig; name = "Pods-RxAlamofire-iOS-Example.debug.xcconfig"; path = "Target Support Files/Pods-RxAlamofire-iOS-Example/Pods-RxAlamofire-iOS-Example.debug.xcconfig"; sourceTree = "<group>"; };
		916077E66DA3A0C0C678E892 /* Pods_RxAlamofire_tvOS_Example.framework */ = {isa = PBXFileReference; explicitFileType = wrapper.framework; includeInIndex = 0; path = Pods_RxAlamofire_tvOS_Example.framework; sourceTree = BUILT_PRODUCTS_DIR; };
		A18A956266B69233C2607A84 /* Pods_RxAlamofire_iOS.framework */ = {isa = PBXFileReference; explicitFileType = wrapper.framework; includeInIndex = 0; path = Pods_RxAlamofire_iOS.framework; sourceTree = BUILT_PRODUCTS_DIR; };
		A1D061BE9121F4A38A1C920C /* Pods-RxAlamofire-tvOS-Example.release.xcconfig */ = {isa = PBXFileReference; includeInIndex = 1; lastKnownFileType = text.xcconfig; name = "Pods-RxAlamofire-tvOS-Example.release.xcconfig"; path = "Target Support Files/Pods-RxAlamofire-tvOS-Example/Pods-RxAlamofire-tvOS-Example.release.xcconfig"; sourceTree = "<group>"; };
		A57A28CB1D78E8EB000D88BA /* RxAlamofireTests.xctest */ = {isa = PBXFileReference; explicitFileType = wrapper.cfbundle; includeInIndex = 0; path = RxAlamofireTests.xctest; sourceTree = BUILT_PRODUCTS_DIR; };
		A57A28CD1D78E8EB000D88BA /* RxAlamofireTests.swift */ = {isa = PBXFileReference; lastKnownFileType = sourcecode.swift; path = RxAlamofireTests.swift; sourceTree = "<group>"; };
		A57A28CF1D78E8EB000D88BA /* Info.plist */ = {isa = PBXFileReference; lastKnownFileType = text.plist.xml; path = Info.plist; sourceTree = "<group>"; };
		B54342C46F84C5B83ABF0DED /* Pods-RxAlamofire-iOS-Example.release.xcconfig */ = {isa = PBXFileReference; includeInIndex = 1; lastKnownFileType = text.xcconfig; name = "Pods-RxAlamofire-iOS-Example.release.xcconfig"; path = "Target Support Files/Pods-RxAlamofire-iOS-Example/Pods-RxAlamofire-iOS-Example.release.xcconfig"; sourceTree = "<group>"; };
		B7AD531F8484470E179CAF47 /* Pods-RxAlamofire-tvOS.release.xcconfig */ = {isa = PBXFileReference; includeInIndex = 1; lastKnownFileType = text.xcconfig; name = "Pods-RxAlamofire-tvOS.release.xcconfig"; path = "Target Support Files/Pods-RxAlamofire-tvOS/Pods-RxAlamofire-tvOS.release.xcconfig"; sourceTree = "<group>"; };
		BDA364C7F68B162EA3340DAE /* Pods_RxAlamofire_iOS_Example.framework */ = {isa = PBXFileReference; explicitFileType = wrapper.framework; includeInIndex = 0; path = Pods_RxAlamofire_iOS_Example.framework; sourceTree = BUILT_PRODUCTS_DIR; };
		C87D2C601D8F33EE003F5936 /* Info.plist */ = {isa = PBXFileReference; fileEncoding = 4; lastKnownFileType = text.plist.xml; path = Info.plist; sourceTree = "<group>"; };
		C87D2C611D8F33EE003F5936 /* RxAlamofire.h */ = {isa = PBXFileReference; fileEncoding = 4; lastKnownFileType = sourcecode.c.h; path = RxAlamofire.h; sourceTree = "<group>"; };
		C87D2C6A1D8F33FF003F5936 /* Info.plist */ = {isa = PBXFileReference; fileEncoding = 4; lastKnownFileType = text.plist.xml; path = Info.plist; sourceTree = "<group>"; };
		C87D2C6B1D8F33FF003F5936 /* RxAlamofire.h */ = {isa = PBXFileReference; fileEncoding = 4; lastKnownFileType = sourcecode.c.h; path = RxAlamofire.h; sourceTree = "<group>"; };
		C87D2C7E1D8F34C2003F5936 /* AppDelegate.swift */ = {isa = PBXFileReference; fileEncoding = 4; lastKnownFileType = sourcecode.swift; path = AppDelegate.swift; sourceTree = "<group>"; };
		C87D2C7F1D8F34C2003F5936 /* Assets.xcassets */ = {isa = PBXFileReference; lastKnownFileType = folder.assetcatalog; path = Assets.xcassets; sourceTree = "<group>"; };
		C87D2C811D8F34C2003F5936 /* Base */ = {isa = PBXFileReference; lastKnownFileType = file.storyboard; name = Base; path = Base.lproj/Main.storyboard; sourceTree = "<group>"; };
		C87D2C821D8F34C2003F5936 /* Info.plist */ = {isa = PBXFileReference; fileEncoding = 4; lastKnownFileType = text.plist.xml; path = Info.plist; sourceTree = "<group>"; };
		C87D2C881D8F34CF003F5936 /* AppDelegate.swift */ = {isa = PBXFileReference; fileEncoding = 4; lastKnownFileType = sourcecode.swift; path = AppDelegate.swift; sourceTree = "<group>"; };
		C87D2C891D8F34CF003F5936 /* Assets.xcassets */ = {isa = PBXFileReference; lastKnownFileType = folder.assetcatalog; path = Assets.xcassets; sourceTree = "<group>"; };
		C87D2C8B1D8F34CF003F5936 /* Base */ = {isa = PBXFileReference; lastKnownFileType = file.storyboard; name = Base; path = Base.lproj/LaunchScreen.storyboard; sourceTree = "<group>"; };
		C87D2C8D1D8F34CF003F5936 /* Base */ = {isa = PBXFileReference; lastKnownFileType = file.storyboard; name = Base; path = Base.lproj/Main.storyboard; sourceTree = "<group>"; };
		C87D2C8E1D8F34CF003F5936 /* Info.plist */ = {isa = PBXFileReference; fileEncoding = 4; lastKnownFileType = text.plist.xml; path = Info.plist; sourceTree = "<group>"; };
		C87D2C8F1D8F34CF003F5936 /* MasterViewController.swift */ = {isa = PBXFileReference; fileEncoding = 4; lastKnownFileType = sourcecode.swift; path = MasterViewController.swift; sourceTree = "<group>"; };
		C87D2CA21D8F35F8003F5936 /* URLSession+RxAlamofire.swift */ = {isa = PBXFileReference; fileEncoding = 4; lastKnownFileType = sourcecode.swift; path = "URLSession+RxAlamofire.swift"; sourceTree = "<group>"; };
		C87D2CA31D8F35F8003F5936 /* RxAlamofire.h */ = {isa = PBXFileReference; fileEncoding = 4; lastKnownFileType = sourcecode.c.h; path = RxAlamofire.h; sourceTree = "<group>"; };
		C87D2CA41D8F35F8003F5936 /* RxAlamofire.swift */ = {isa = PBXFileReference; fileEncoding = 4; lastKnownFileType = sourcecode.swift; path = RxAlamofire.swift; sourceTree = "<group>"; };
		C89A0D2B1BE0D50E00744695 /* RxAlamofire.framework */ = {isa = PBXFileReference; explicitFileType = wrapper.framework; includeInIndex = 0; path = RxAlamofire.framework; sourceTree = BUILT_PRODUCTS_DIR; };
		C89A9DC21BE23249005113E4 /* CoreLocation.framework */ = {isa = PBXFileReference; lastKnownFileType = wrapper.framework; name = CoreLocation.framework; path = System/Library/Frameworks/CoreLocation.framework; sourceTree = SDKROOT; };
		CB40E3F21B89C59F00D1DB5A /* RxAlamofire-iOS-Example.app */ = {isa = PBXFileReference; explicitFileType = wrapper.application; includeInIndex = 0; path = "RxAlamofire-iOS-Example.app"; sourceTree = BUILT_PRODUCTS_DIR; };
		D1FD041C37A31478E2B00AE7 /* Pods-RxAlamofireTests.release.xcconfig */ = {isa = PBXFileReference; includeInIndex = 1; lastKnownFileType = text.xcconfig; name = "Pods-RxAlamofireTests.release.xcconfig"; path = "Target Support Files/Pods-RxAlamofireTests/Pods-RxAlamofireTests.release.xcconfig"; sourceTree = "<group>"; };
		D6B659763054C769500E3D7E /* Pods-RxAlamofireTests.debug.xcconfig */ = {isa = PBXFileReference; includeInIndex = 1; lastKnownFileType = text.xcconfig; name = "Pods-RxAlamofireTests.debug.xcconfig"; path = "Target Support Files/Pods-RxAlamofireTests/Pods-RxAlamofireTests.debug.xcconfig"; sourceTree = "<group>"; };
/* End PBXFileReference section */

/* Begin PBXFrameworksBuildPhase section */
		637D956D1C4E370C00F1FA67 /* Frameworks */ = {
			isa = PBXFrameworksBuildPhase;
			buildActionMask = 2147483647;
			files = (
				3BD7955480E335718F90FBDF /* Pods_RxAlamofire_tvOS.framework in Frameworks */,
			);
			runOnlyForDeploymentPostprocessing = 0;
		};
		637D957C1C4E374500F1FA67 /* Frameworks */ = {
			isa = PBXFrameworksBuildPhase;
			buildActionMask = 2147483647;
			files = (
				C87D2C9B1D8F358C003F5936 /* RxAlamofire.framework in Frameworks */,
				5DBD1C248ECC28C220A08A11 /* Pods_RxAlamofire_tvOS_Example.framework in Frameworks */,
			);
			runOnlyForDeploymentPostprocessing = 0;
		};
		A57A28C81D78E8EB000D88BA /* Frameworks */ = {
			isa = PBXFrameworksBuildPhase;
			buildActionMask = 2147483647;
			files = (
				A57A28D01D78E8EB000D88BA /* RxAlamofire.framework in Frameworks */,
				206FD0C3E0F1249782508DB2 /* Pods_RxAlamofireTests.framework in Frameworks */,
			);
			runOnlyForDeploymentPostprocessing = 0;
		};
		C89A0D271BE0D50E00744695 /* Frameworks */ = {
			isa = PBXFrameworksBuildPhase;
			buildActionMask = 2147483647;
			files = (
				69711E225747D999E8A42D79 /* Pods_RxAlamofire_iOS.framework in Frameworks */,
			);
			runOnlyForDeploymentPostprocessing = 0;
		};
		CB40E3EF1B89C59F00D1DB5A /* Frameworks */ = {
			isa = PBXFrameworksBuildPhase;
			buildActionMask = 2147483647;
			files = (
				C87D2C961D8F3585003F5936 /* RxAlamofire.framework in Frameworks */,
				5FDB5FC7FE2D2B02FF0BBEE2 /* Pods_RxAlamofire_iOS_Example.framework in Frameworks */,
			);
			runOnlyForDeploymentPostprocessing = 0;
		};
/* End PBXFrameworksBuildPhase section */

/* Begin PBXGroup section */
		031808FF76ABCEA561233D0A /* Pods */ = {
			isa = PBXGroup;
			children = (
				3E6EB37AFFDCA71287070E42 /* Pods-RxAlamofire-iOS.debug.xcconfig */,
				1D3843D181E7646BA59091EF /* Pods-RxAlamofire-iOS.release.xcconfig */,
				85EC535C4AA000F70C790845 /* Pods-RxAlamofire-iOS-Example.debug.xcconfig */,
				B54342C46F84C5B83ABF0DED /* Pods-RxAlamofire-iOS-Example.release.xcconfig */,
				1A4A4F7FDC3D323AEBA1B89A /* Pods-RxAlamofire-tvOS.debug.xcconfig */,
				B7AD531F8484470E179CAF47 /* Pods-RxAlamofire-tvOS.release.xcconfig */,
				2FC230ECF1AAEE0BCCE8A9BE /* Pods-RxAlamofire-tvOS-Example.debug.xcconfig */,
				A1D061BE9121F4A38A1C920C /* Pods-RxAlamofire-tvOS-Example.release.xcconfig */,
				D6B659763054C769500E3D7E /* Pods-RxAlamofireTests.debug.xcconfig */,
				D1FD041C37A31478E2B00AE7 /* Pods-RxAlamofireTests.release.xcconfig */,
			);
			path = Pods;
			sourceTree = "<group>";
		};
		A57A28CC1D78E8EB000D88BA /* RxAlamofireTests */ = {
			isa = PBXGroup;
			children = (
				A57A28CD1D78E8EB000D88BA /* RxAlamofireTests.swift */,
				03A270B5202B5DF100C3BE0C /* ValidateTests.swift */,
				A57A28CF1D78E8EB000D88BA /* Info.plist */,
			);
			path = RxAlamofireTests;
			sourceTree = "<group>";
		};
		A814E52A041EFB99D26E0B27 /* Frameworks */ = {
			isa = PBXGroup;
			children = (
				C89A9DC21BE23249005113E4 /* CoreLocation.framework */,
				A18A956266B69233C2607A84 /* Pods_RxAlamofire_iOS.framework */,
				BDA364C7F68B162EA3340DAE /* Pods_RxAlamofire_iOS_Example.framework */,
				32B25093CC2D0F35D80D1CD3 /* Pods_RxAlamofire_tvOS.framework */,
				916077E66DA3A0C0C678E892 /* Pods_RxAlamofire_tvOS_Example.framework */,
				336B5BA92ECC93E0081543E8 /* Pods_RxAlamofireTests.framework */,
			);
			name = Frameworks;
			sourceTree = "<group>";
		};
		C87D2C5F1D8F33EE003F5936 /* RxAlamofire-iOS */ = {
			isa = PBXGroup;
			children = (
				C87D2C601D8F33EE003F5936 /* Info.plist */,
				C87D2C611D8F33EE003F5936 /* RxAlamofire.h */,
			);
			name = "RxAlamofire-iOS";
			path = "../RxAlamofire-iOS";
			sourceTree = "<group>";
		};
		C87D2C691D8F33FF003F5936 /* RxAlamofire-tvOS */ = {
			isa = PBXGroup;
			children = (
				C87D2C6A1D8F33FF003F5936 /* Info.plist */,
				C87D2C6B1D8F33FF003F5936 /* RxAlamofire.h */,
			);
			name = "RxAlamofire-tvOS";
			path = "../RxAlamofire-tvOS";
			sourceTree = "<group>";
		};
		C87D2C7D1D8F34C2003F5936 /* RxAlamofire-tvOS-Example */ = {
			isa = PBXGroup;
			children = (
				C87D2C7E1D8F34C2003F5936 /* AppDelegate.swift */,
				C87D2C7F1D8F34C2003F5936 /* Assets.xcassets */,
				C87D2C801D8F34C2003F5936 /* Main.storyboard */,
				C87D2C821D8F34C2003F5936 /* Info.plist */,
			);
			path = "RxAlamofire-tvOS-Example";
			sourceTree = "<group>";
		};
		C87D2C871D8F34CF003F5936 /* RxAlamofire-iOS-Example */ = {
			isa = PBXGroup;
			children = (
				C87D2C881D8F34CF003F5936 /* AppDelegate.swift */,
				C87D2C891D8F34CF003F5936 /* Assets.xcassets */,
				C87D2C8A1D8F34CF003F5936 /* LaunchScreen.storyboard */,
				C87D2C8C1D8F34CF003F5936 /* Main.storyboard */,
				C87D2C8E1D8F34CF003F5936 /* Info.plist */,
				C87D2C8F1D8F34CF003F5936 /* MasterViewController.swift */,
			);
			path = "RxAlamofire-iOS-Example";
			sourceTree = "<group>";
		};
		C87D2CA01D8F35F8003F5936 /* Sources */ = {
			isa = PBXGroup;
			children = (
				C87D2CA11D8F35F8003F5936 /* Cocoa */,
				C87D2CA31D8F35F8003F5936 /* RxAlamofire.h */,
				C87D2CA41D8F35F8003F5936 /* RxAlamofire.swift */,
			);
			name = Sources;
			path = ../Sources;
			sourceTree = "<group>";
		};
		C87D2CA11D8F35F8003F5936 /* Cocoa */ = {
			isa = PBXGroup;
			children = (
				C87D2CA21D8F35F8003F5936 /* URLSession+RxAlamofire.swift */,
			);
			path = Cocoa;
			sourceTree = "<group>";
		};
		CB40E3E91B89C59F00D1DB5A = {
			isa = PBXGroup;
			children = (
				C87D2CA01D8F35F8003F5936 /* Sources */,
				C87D2C871D8F34CF003F5936 /* RxAlamofire-iOS-Example */,
				C87D2C7D1D8F34C2003F5936 /* RxAlamofire-tvOS-Example */,
				C87D2C691D8F33FF003F5936 /* RxAlamofire-tvOS */,
				C87D2C5F1D8F33EE003F5936 /* RxAlamofire-iOS */,
				A57A28CC1D78E8EB000D88BA /* RxAlamofireTests */,
				CB40E3F31B89C59F00D1DB5A /* Products */,
				A814E52A041EFB99D26E0B27 /* Frameworks */,
				031808FF76ABCEA561233D0A /* Pods */,
			);
			sourceTree = "<group>";
		};
		CB40E3F31B89C59F00D1DB5A /* Products */ = {
			isa = PBXGroup;
			children = (
				CB40E3F21B89C59F00D1DB5A /* RxAlamofire-iOS-Example.app */,
				C89A0D2B1BE0D50E00744695 /* RxAlamofire.framework */,
				637D95711C4E370C00F1FA67 /* RxAlamofire.framework */,
				637D957F1C4E374500F1FA67 /* RxAlamofire-tvOS-Example.app */,
				A57A28CB1D78E8EB000D88BA /* RxAlamofireTests.xctest */,
			);
			name = Products;
			sourceTree = "<group>";
		};
/* End PBXGroup section */

/* Begin PBXHeadersBuildPhase section */
		637D956E1C4E370C00F1FA67 /* Headers */ = {
			isa = PBXHeadersBuildPhase;
			buildActionMask = 2147483647;
			files = (
				C87D2C6D1D8F33FF003F5936 /* RxAlamofire.h in Headers */,
				C87D2CA81D8F35F8003F5936 /* RxAlamofire.h in Headers */,
			);
			runOnlyForDeploymentPostprocessing = 0;
		};
		C89A0D281BE0D50E00744695 /* Headers */ = {
			isa = PBXHeadersBuildPhase;
			buildActionMask = 2147483647;
			files = (
				C87D2C661D8F33EE003F5936 /* RxAlamofire.h in Headers */,
				C87D2CA71D8F35F8003F5936 /* RxAlamofire.h in Headers */,
			);
			runOnlyForDeploymentPostprocessing = 0;
		};
/* End PBXHeadersBuildPhase section */

/* Begin PBXNativeTarget section */
		637D95701C4E370C00F1FA67 /* RxAlamofire-tvOS */ = {
			isa = PBXNativeTarget;
			buildConfigurationList = 637D95781C4E370C00F1FA67 /* Build configuration list for PBXNativeTarget "RxAlamofire-tvOS" */;
			buildPhases = (
				310630D9B60273E02CB44BEC /* [CP] Check Pods Manifest.lock */,
				637D956C1C4E370C00F1FA67 /* Sources */,
				637D956D1C4E370C00F1FA67 /* Frameworks */,
				637D956E1C4E370C00F1FA67 /* Headers */,
				637D956F1C4E370C00F1FA67 /* Resources */,
			);
			buildRules = (
			);
			dependencies = (
			);
			name = "RxAlamofire-tvOS";
			productName = "RxAlamofire-tvOS";
			productReference = 637D95711C4E370C00F1FA67 /* RxAlamofire.framework */;
			productType = "com.apple.product-type.framework";
		};
		637D957E1C4E374500F1FA67 /* RxAlamofire-tvOS-Example */ = {
			isa = PBXNativeTarget;
			buildConfigurationList = 637D958B1C4E374500F1FA67 /* Build configuration list for PBXNativeTarget "RxAlamofire-tvOS-Example" */;
			buildPhases = (
				17E6C489420AC4B878053CF5 /* [CP] Check Pods Manifest.lock */,
				637D957B1C4E374500F1FA67 /* Sources */,
				637D957C1C4E374500F1FA67 /* Frameworks */,
				637D957D1C4E374500F1FA67 /* Resources */,
				C87D2C9F1D8F358D003F5936 /* Embed Frameworks */,
				8203CBE4AC904938E2774900 /* [CP] Embed Pods Frameworks */,
			);
			buildRules = (
			);
			dependencies = (
				C87D2C9E1D8F358C003F5936 /* PBXTargetDependency */,
			);
			name = "RxAlamofire-tvOS-Example";
			productName = RxAlamofiretvOSExample;
			productReference = 637D957F1C4E374500F1FA67 /* RxAlamofire-tvOS-Example.app */;
			productType = "com.apple.product-type.application";
		};
		A57A28CA1D78E8EB000D88BA /* RxAlamofireTests */ = {
			isa = PBXNativeTarget;
			buildConfigurationList = A57A28D31D78E8EB000D88BA /* Build configuration list for PBXNativeTarget "RxAlamofireTests" */;
			buildPhases = (
				1BD59E769BC8006FFF5F6263 /* [CP] Check Pods Manifest.lock */,
				A57A28C71D78E8EB000D88BA /* Sources */,
				A57A28C81D78E8EB000D88BA /* Frameworks */,
				A57A28C91D78E8EB000D88BA /* Resources */,
				5AA34A031BB6CA8448A07686 /* [CP] Embed Pods Frameworks */,
			);
			buildRules = (
			);
			dependencies = (
				A57A28D21D78E8EB000D88BA /* PBXTargetDependency */,
			);
			name = RxAlamofireTests;
			productName = RxAlamofireTests;
			productReference = A57A28CB1D78E8EB000D88BA /* RxAlamofireTests.xctest */;
			productType = "com.apple.product-type.bundle.unit-test";
		};
		C89A0D2A1BE0D50E00744695 /* RxAlamofire-iOS */ = {
			isa = PBXNativeTarget;
			buildConfigurationList = C89A0D341BE0D50E00744695 /* Build configuration list for PBXNativeTarget "RxAlamofire-iOS" */;
			buildPhases = (
				224CA926E622DF2AB09ECC90 /* [CP] Check Pods Manifest.lock */,
				C89A0D261BE0D50E00744695 /* Sources */,
				C89A0D271BE0D50E00744695 /* Frameworks */,
				C89A0D281BE0D50E00744695 /* Headers */,
				C89A0D291BE0D50E00744695 /* Resources */,
			);
			buildRules = (
			);
			dependencies = (
			);
			name = "RxAlamofire-iOS";
			productName = "RxAlamofire-iOS";
			productReference = C89A0D2B1BE0D50E00744695 /* RxAlamofire.framework */;
			productType = "com.apple.product-type.framework";
		};
		CB40E3F11B89C59F00D1DB5A /* RxAlamofire-iOS-Example */ = {
			isa = PBXNativeTarget;
			buildConfigurationList = CB40E4111B89C59F00D1DB5A /* Build configuration list for PBXNativeTarget "RxAlamofire-iOS-Example" */;
			buildPhases = (
				6444BD9C57088142A0927F3D /* [CP] Check Pods Manifest.lock */,
				CB40E3EE1B89C59F00D1DB5A /* Sources */,
				CB40E3EF1B89C59F00D1DB5A /* Frameworks */,
				CB40E3F01B89C59F00D1DB5A /* Resources */,
				C87D2C9A1D8F3585003F5936 /* Embed Frameworks */,
				46B87156DEC146DDAC35994D /* [CP] Embed Pods Frameworks */,
			);
			buildRules = (
			);
			dependencies = (
				C87D2C991D8F3585003F5936 /* PBXTargetDependency */,
			);
			name = "RxAlamofire-iOS-Example";
			productName = RxAlamofire;
			productReference = CB40E3F21B89C59F00D1DB5A /* RxAlamofire-iOS-Example.app */;
			productType = "com.apple.product-type.application";
		};
/* End PBXNativeTarget section */

/* Begin PBXProject section */
		CB40E3EA1B89C59F00D1DB5A /* Project object */ = {
			isa = PBXProject;
			attributes = {
				LastSwiftUpdateCheck = 0800;
				LastUpgradeCheck = 1020;
				ORGANIZATIONNAME = Bonto.ch;
				TargetAttributes = {
					637D95701C4E370C00F1FA67 = {
						CreatedOnToolsVersion = 7.2;
						LastSwiftMigration = 0800;
					};
					637D957E1C4E374500F1FA67 = {
						CreatedOnToolsVersion = 7.2;
						LastSwiftMigration = 0800;
					};
					A57A28CA1D78E8EB000D88BA = {
						CreatedOnToolsVersion = 8.0;
						DevelopmentTeam = WQVLGGBH98;
						ProvisioningStyle = Automatic;
					};
					C89A0D2A1BE0D50E00744695 = {
						CreatedOnToolsVersion = 7.1;
						LastSwiftMigration = 0800;
					};
					CB40E3F11B89C59F00D1DB5A = {
						CreatedOnToolsVersion = 7.0;
						LastSwiftMigration = 0800;
					};
				};
			};
			buildConfigurationList = CB40E3ED1B89C59F00D1DB5A /* Build configuration list for PBXProject "RxAlamofire" */;
			compatibilityVersion = "Xcode 9.3";
			developmentRegion = en;
			hasScannedForEncodings = 0;
			knownRegions = (
				en,
				Base,
			);
			mainGroup = CB40E3E91B89C59F00D1DB5A;
			productRefGroup = CB40E3F31B89C59F00D1DB5A /* Products */;
			projectDirPath = "";
			projectRoot = "";
			targets = (
				CB40E3F11B89C59F00D1DB5A /* RxAlamofire-iOS-Example */,
				637D957E1C4E374500F1FA67 /* RxAlamofire-tvOS-Example */,
				C89A0D2A1BE0D50E00744695 /* RxAlamofire-iOS */,
				637D95701C4E370C00F1FA67 /* RxAlamofire-tvOS */,
				A57A28CA1D78E8EB000D88BA /* RxAlamofireTests */,
			);
		};
/* End PBXProject section */

/* Begin PBXResourcesBuildPhase section */
		637D956F1C4E370C00F1FA67 /* Resources */ = {
			isa = PBXResourcesBuildPhase;
			buildActionMask = 2147483647;
			files = (
			);
			runOnlyForDeploymentPostprocessing = 0;
		};
		637D957D1C4E374500F1FA67 /* Resources */ = {
			isa = PBXResourcesBuildPhase;
			buildActionMask = 2147483647;
			files = (
				C87D2C841D8F34C2003F5936 /* Assets.xcassets in Resources */,
				C87D2C851D8F34C2003F5936 /* Main.storyboard in Resources */,
			);
			runOnlyForDeploymentPostprocessing = 0;
		};
		A57A28C91D78E8EB000D88BA /* Resources */ = {
			isa = PBXResourcesBuildPhase;
			buildActionMask = 2147483647;
			files = (
			);
			runOnlyForDeploymentPostprocessing = 0;
		};
		C89A0D291BE0D50E00744695 /* Resources */ = {
			isa = PBXResourcesBuildPhase;
			buildActionMask = 2147483647;
			files = (
			);
			runOnlyForDeploymentPostprocessing = 0;
		};
		CB40E3F01B89C59F00D1DB5A /* Resources */ = {
			isa = PBXResourcesBuildPhase;
			buildActionMask = 2147483647;
			files = (
				637D95991C4E37F200F1FA67 /* BuildFile in Resources */,
				C87D2C921D8F34CF003F5936 /* LaunchScreen.storyboard in Resources */,
				637D959E1C4E380300F1FA67 /* BuildFile in Resources */,
				637D959D1C4E380300F1FA67 /* BuildFile in Resources */,
				637D95951C4E37CE00F1FA67 /* BuildFile in Resources */,
				C87D2C911D8F34CF003F5936 /* Assets.xcassets in Resources */,
				C87D2C931D8F34CF003F5936 /* Main.storyboard in Resources */,
				637D95961C4E37CE00F1FA67 /* BuildFile in Resources */,
				637D959A1C4E37F200F1FA67 /* BuildFile in Resources */,
			);
			runOnlyForDeploymentPostprocessing = 0;
		};
/* End PBXResourcesBuildPhase section */

/* Begin PBXShellScriptBuildPhase section */
		17E6C489420AC4B878053CF5 /* [CP] Check Pods Manifest.lock */ = {
			isa = PBXShellScriptBuildPhase;
			buildActionMask = 2147483647;
			files = (
			);
			inputFileListPaths = (
			);
			inputPaths = (
				"${PODS_PODFILE_DIR_PATH}/Podfile.lock",
				"${PODS_ROOT}/Manifest.lock",
			);
			name = "[CP] Check Pods Manifest.lock";
			outputFileListPaths = (
			);
			outputPaths = (
				"$(DERIVED_FILE_DIR)/Pods-RxAlamofire-tvOS-Example-checkManifestLockResult.txt",
			);
			runOnlyForDeploymentPostprocessing = 0;
			shellPath = /bin/sh;
			shellScript = "diff \"${PODS_PODFILE_DIR_PATH}/Podfile.lock\" \"${PODS_ROOT}/Manifest.lock\" > /dev/null\nif [ $? != 0 ] ; then\n    # print error to STDERR\n    echo \"error: The sandbox is not in sync with the Podfile.lock. Run 'pod install' or update your CocoaPods installation.\" >&2\n    exit 1\nfi\n# This output is used by Xcode 'outputs' to avoid re-running this script phase.\necho \"SUCCESS\" > \"${SCRIPT_OUTPUT_FILE_0}\"\n";
			showEnvVarsInLog = 0;
		};
		1BD59E769BC8006FFF5F6263 /* [CP] Check Pods Manifest.lock */ = {
			isa = PBXShellScriptBuildPhase;
			buildActionMask = 2147483647;
			files = (
			);
			inputFileListPaths = (
			);
			inputPaths = (
				"${PODS_PODFILE_DIR_PATH}/Podfile.lock",
				"${PODS_ROOT}/Manifest.lock",
			);
			name = "[CP] Check Pods Manifest.lock";
			outputFileListPaths = (
			);
			outputPaths = (
				"$(DERIVED_FILE_DIR)/Pods-RxAlamofireTests-checkManifestLockResult.txt",
			);
			runOnlyForDeploymentPostprocessing = 0;
			shellPath = /bin/sh;
			shellScript = "diff \"${PODS_PODFILE_DIR_PATH}/Podfile.lock\" \"${PODS_ROOT}/Manifest.lock\" > /dev/null\nif [ $? != 0 ] ; then\n    # print error to STDERR\n    echo \"error: The sandbox is not in sync with the Podfile.lock. Run 'pod install' or update your CocoaPods installation.\" >&2\n    exit 1\nfi\n# This output is used by Xcode 'outputs' to avoid re-running this script phase.\necho \"SUCCESS\" > \"${SCRIPT_OUTPUT_FILE_0}\"\n";
			showEnvVarsInLog = 0;
		};
		224CA926E622DF2AB09ECC90 /* [CP] Check Pods Manifest.lock */ = {
			isa = PBXShellScriptBuildPhase;
			buildActionMask = 2147483647;
			files = (
			);
			inputFileListPaths = (
			);
			inputPaths = (
				"${PODS_PODFILE_DIR_PATH}/Podfile.lock",
				"${PODS_ROOT}/Manifest.lock",
			);
			name = "[CP] Check Pods Manifest.lock";
			outputFileListPaths = (
			);
			outputPaths = (
				"$(DERIVED_FILE_DIR)/Pods-RxAlamofire-iOS-checkManifestLockResult.txt",
			);
			runOnlyForDeploymentPostprocessing = 0;
			shellPath = /bin/sh;
			shellScript = "diff \"${PODS_PODFILE_DIR_PATH}/Podfile.lock\" \"${PODS_ROOT}/Manifest.lock\" > /dev/null\nif [ $? != 0 ] ; then\n    # print error to STDERR\n    echo \"error: The sandbox is not in sync with the Podfile.lock. Run 'pod install' or update your CocoaPods installation.\" >&2\n    exit 1\nfi\n# This output is used by Xcode 'outputs' to avoid re-running this script phase.\necho \"SUCCESS\" > \"${SCRIPT_OUTPUT_FILE_0}\"\n";
			showEnvVarsInLog = 0;
		};
		310630D9B60273E02CB44BEC /* [CP] Check Pods Manifest.lock */ = {
			isa = PBXShellScriptBuildPhase;
			buildActionMask = 2147483647;
			files = (
			);
			inputFileListPaths = (
			);
			inputPaths = (
				"${PODS_PODFILE_DIR_PATH}/Podfile.lock",
				"${PODS_ROOT}/Manifest.lock",
			);
			name = "[CP] Check Pods Manifest.lock";
			outputFileListPaths = (
			);
			outputPaths = (
				"$(DERIVED_FILE_DIR)/Pods-RxAlamofire-tvOS-checkManifestLockResult.txt",
			);
			runOnlyForDeploymentPostprocessing = 0;
			shellPath = /bin/sh;
			shellScript = "diff \"${PODS_PODFILE_DIR_PATH}/Podfile.lock\" \"${PODS_ROOT}/Manifest.lock\" > /dev/null\nif [ $? != 0 ] ; then\n    # print error to STDERR\n    echo \"error: The sandbox is not in sync with the Podfile.lock. Run 'pod install' or update your CocoaPods installation.\" >&2\n    exit 1\nfi\n# This output is used by Xcode 'outputs' to avoid re-running this script phase.\necho \"SUCCESS\" > \"${SCRIPT_OUTPUT_FILE_0}\"\n";
			showEnvVarsInLog = 0;
		};
		46B87156DEC146DDAC35994D /* [CP] Embed Pods Frameworks */ = {
			isa = PBXShellScriptBuildPhase;
			buildActionMask = 2147483647;
			files = (
			);
			inputFileListPaths = (
			);
			inputPaths = (
				"${PODS_ROOT}/Target Support Files/Pods-RxAlamofire-iOS-Example/Pods-RxAlamofire-iOS-Example-frameworks.sh",
				"${BUILT_PRODUCTS_DIR}/Alamofire-iOS/Alamofire.framework",
				"${BUILT_PRODUCTS_DIR}/RxAtomic-iOS/RxAtomic.framework",
				"${BUILT_PRODUCTS_DIR}/RxCocoa-iOS/RxCocoa.framework",
				"${BUILT_PRODUCTS_DIR}/RxSwift-iOS/RxSwift.framework",
			);
			name = "[CP] Embed Pods Frameworks";
			outputFileListPaths = (
			);
			outputPaths = (
				"${TARGET_BUILD_DIR}/${FRAMEWORKS_FOLDER_PATH}/Alamofire.framework",
				"${TARGET_BUILD_DIR}/${FRAMEWORKS_FOLDER_PATH}/RxAtomic.framework",
				"${TARGET_BUILD_DIR}/${FRAMEWORKS_FOLDER_PATH}/RxCocoa.framework",
				"${TARGET_BUILD_DIR}/${FRAMEWORKS_FOLDER_PATH}/RxSwift.framework",
			);
			runOnlyForDeploymentPostprocessing = 0;
			shellPath = /bin/sh;
			shellScript = "\"${PODS_ROOT}/Target Support Files/Pods-RxAlamofire-iOS-Example/Pods-RxAlamofire-iOS-Example-frameworks.sh\"\n";
			showEnvVarsInLog = 0;
		};
		5AA34A031BB6CA8448A07686 /* [CP] Embed Pods Frameworks */ = {
			isa = PBXShellScriptBuildPhase;
			buildActionMask = 2147483647;
			files = (
			);
			inputFileListPaths = (
			);
			inputPaths = (
				"${PODS_ROOT}/Target Support Files/Pods-RxAlamofireTests/Pods-RxAlamofireTests-frameworks.sh",
				"${BUILT_PRODUCTS_DIR}/Alamofire-iOS/Alamofire.framework",
				"${BUILT_PRODUCTS_DIR}/RxAtomic-iOS/RxAtomic.framework",
				"${BUILT_PRODUCTS_DIR}/RxCocoa-iOS/RxCocoa.framework",
				"${BUILT_PRODUCTS_DIR}/RxSwift-iOS/RxSwift.framework",
				"${BUILT_PRODUCTS_DIR}/OHHTTPStubs/OHHTTPStubs.framework",
				"${BUILT_PRODUCTS_DIR}/RxBlocking/RxBlocking.framework",
			);
			name = "[CP] Embed Pods Frameworks";
			outputFileListPaths = (
			);
			outputPaths = (
				"${TARGET_BUILD_DIR}/${FRAMEWORKS_FOLDER_PATH}/Alamofire.framework",
				"${TARGET_BUILD_DIR}/${FRAMEWORKS_FOLDER_PATH}/RxAtomic.framework",
				"${TARGET_BUILD_DIR}/${FRAMEWORKS_FOLDER_PATH}/RxCocoa.framework",
				"${TARGET_BUILD_DIR}/${FRAMEWORKS_FOLDER_PATH}/RxSwift.framework",
				"${TARGET_BUILD_DIR}/${FRAMEWORKS_FOLDER_PATH}/OHHTTPStubs.framework",
				"${TARGET_BUILD_DIR}/${FRAMEWORKS_FOLDER_PATH}/RxBlocking.framework",
			);
			runOnlyForDeploymentPostprocessing = 0;
			shellPath = /bin/sh;
			shellScript = "\"${PODS_ROOT}/Target Support Files/Pods-RxAlamofireTests/Pods-RxAlamofireTests-frameworks.sh\"\n";
			showEnvVarsInLog = 0;
		};
		6444BD9C57088142A0927F3D /* [CP] Check Pods Manifest.lock */ = {
			isa = PBXShellScriptBuildPhase;
			buildActionMask = 2147483647;
			files = (
			);
			inputFileListPaths = (
			);
			inputPaths = (
				"${PODS_PODFILE_DIR_PATH}/Podfile.lock",
				"${PODS_ROOT}/Manifest.lock",
			);
			name = "[CP] Check Pods Manifest.lock";
			outputFileListPaths = (
			);
			outputPaths = (
				"$(DERIVED_FILE_DIR)/Pods-RxAlamofire-iOS-Example-checkManifestLockResult.txt",
			);
			runOnlyForDeploymentPostprocessing = 0;
			shellPath = /bin/sh;
			shellScript = "diff \"${PODS_PODFILE_DIR_PATH}/Podfile.lock\" \"${PODS_ROOT}/Manifest.lock\" > /dev/null\nif [ $? != 0 ] ; then\n    # print error to STDERR\n    echo \"error: The sandbox is not in sync with the Podfile.lock. Run 'pod install' or update your CocoaPods installation.\" >&2\n    exit 1\nfi\n# This output is used by Xcode 'outputs' to avoid re-running this script phase.\necho \"SUCCESS\" > \"${SCRIPT_OUTPUT_FILE_0}\"\n";
			showEnvVarsInLog = 0;
		};
		8203CBE4AC904938E2774900 /* [CP] Embed Pods Frameworks */ = {
			isa = PBXShellScriptBuildPhase;
			buildActionMask = 2147483647;
			files = (
			);
			inputFileListPaths = (
			);
			inputPaths = (
				"${PODS_ROOT}/Target Support Files/Pods-RxAlamofire-tvOS-Example/Pods-RxAlamofire-tvOS-Example-frameworks.sh",
				"${BUILT_PRODUCTS_DIR}/Alamofire-tvOS/Alamofire.framework",
				"${BUILT_PRODUCTS_DIR}/RxAtomic-tvOS/RxAtomic.framework",
				"${BUILT_PRODUCTS_DIR}/RxCocoa-tvOS/RxCocoa.framework",
				"${BUILT_PRODUCTS_DIR}/RxSwift-tvOS/RxSwift.framework",
			);
			name = "[CP] Embed Pods Frameworks";
			outputFileListPaths = (
			);
			outputPaths = (
				"${TARGET_BUILD_DIR}/${FRAMEWORKS_FOLDER_PATH}/Alamofire.framework",
				"${TARGET_BUILD_DIR}/${FRAMEWORKS_FOLDER_PATH}/RxAtomic.framework",
				"${TARGET_BUILD_DIR}/${FRAMEWORKS_FOLDER_PATH}/RxCocoa.framework",
				"${TARGET_BUILD_DIR}/${FRAMEWORKS_FOLDER_PATH}/RxSwift.framework",
			);
			runOnlyForDeploymentPostprocessing = 0;
			shellPath = /bin/sh;
			shellScript = "\"${PODS_ROOT}/Target Support Files/Pods-RxAlamofire-tvOS-Example/Pods-RxAlamofire-tvOS-Example-frameworks.sh\"\n";
			showEnvVarsInLog = 0;
		};
/* End PBXShellScriptBuildPhase section */

/* Begin PBXSourcesBuildPhase section */
		637D956C1C4E370C00F1FA67 /* Sources */ = {
			isa = PBXSourcesBuildPhase;
			buildActionMask = 2147483647;
			files = (
				C87D2CAA1D8F35F8003F5936 /* RxAlamofire.swift in Sources */,
				C87D2CA61D8F35F8003F5936 /* URLSession+RxAlamofire.swift in Sources */,
			);
			runOnlyForDeploymentPostprocessing = 0;
		};
		637D957B1C4E374500F1FA67 /* Sources */ = {
			isa = PBXSourcesBuildPhase;
			buildActionMask = 2147483647;
			files = (
				C87D2C831D8F34C2003F5936 /* AppDelegate.swift in Sources */,
			);
			runOnlyForDeploymentPostprocessing = 0;
		};
		A57A28C71D78E8EB000D88BA /* Sources */ = {
			isa = PBXSourcesBuildPhase;
			buildActionMask = 2147483647;
			files = (
				A57A28CE1D78E8EB000D88BA /* RxAlamofireTests.swift in Sources */,
				03A270B6202B5DF100C3BE0C /* ValidateTests.swift in Sources */,
			);
			runOnlyForDeploymentPostprocessing = 0;
		};
		C89A0D261BE0D50E00744695 /* Sources */ = {
			isa = PBXSourcesBuildPhase;
			buildActionMask = 2147483647;
			files = (
				C87D2CA91D8F35F8003F5936 /* RxAlamofire.swift in Sources */,
				C87D2CA51D8F35F8003F5936 /* URLSession+RxAlamofire.swift in Sources */,
			);
			runOnlyForDeploymentPostprocessing = 0;
		};
		CB40E3EE1B89C59F00D1DB5A /* Sources */ = {
			isa = PBXSourcesBuildPhase;
			buildActionMask = 2147483647;
			files = (
				C87D2C951D8F34CF003F5936 /* MasterViewController.swift in Sources */,
				C87D2C901D8F34CF003F5936 /* AppDelegate.swift in Sources */,
			);
			runOnlyForDeploymentPostprocessing = 0;
		};
/* End PBXSourcesBuildPhase section */

/* Begin PBXTargetDependency section */
		A57A28D21D78E8EB000D88BA /* PBXTargetDependency */ = {
			isa = PBXTargetDependency;
			target = C89A0D2A1BE0D50E00744695 /* RxAlamofire-iOS */;
			targetProxy = A57A28D11D78E8EB000D88BA /* PBXContainerItemProxy */;
		};
		C87D2C991D8F3585003F5936 /* PBXTargetDependency */ = {
			isa = PBXTargetDependency;
			target = C89A0D2A1BE0D50E00744695 /* RxAlamofire-iOS */;
			targetProxy = C87D2C981D8F3585003F5936 /* PBXContainerItemProxy */;
		};
		C87D2C9E1D8F358C003F5936 /* PBXTargetDependency */ = {
			isa = PBXTargetDependency;
			target = 637D95701C4E370C00F1FA67 /* RxAlamofire-tvOS */;
			targetProxy = C87D2C9D1D8F358C003F5936 /* PBXContainerItemProxy */;
		};
/* End PBXTargetDependency section */

/* Begin PBXVariantGroup section */
		C87D2C801D8F34C2003F5936 /* Main.storyboard */ = {
			isa = PBXVariantGroup;
			children = (
				C87D2C811D8F34C2003F5936 /* Base */,
			);
			name = Main.storyboard;
			sourceTree = "<group>";
		};
		C87D2C8A1D8F34CF003F5936 /* LaunchScreen.storyboard */ = {
			isa = PBXVariantGroup;
			children = (
				C87D2C8B1D8F34CF003F5936 /* Base */,
			);
			name = LaunchScreen.storyboard;
			sourceTree = "<group>";
		};
		C87D2C8C1D8F34CF003F5936 /* Main.storyboard */ = {
			isa = PBXVariantGroup;
			children = (
				C87D2C8D1D8F34CF003F5936 /* Base */,
			);
			name = Main.storyboard;
			sourceTree = "<group>";
		};
/* End PBXVariantGroup section */

/* Begin XCBuildConfiguration section */
		637D95761C4E370C00F1FA67 /* Debug */ = {
			isa = XCBuildConfiguration;
			baseConfigurationReference = 1A4A4F7FDC3D323AEBA1B89A /* Pods-RxAlamofire-tvOS.debug.xcconfig */;
			buildSettings = {
				"CODE_SIGN_IDENTITY[sdk=appletvos*]" = "";
				CURRENT_PROJECT_VERSION = 1;
				DEFINES_MODULE = YES;
				DYLIB_COMPATIBILITY_VERSION = 1;
				DYLIB_CURRENT_VERSION = 1;
				DYLIB_INSTALL_NAME_BASE = "@rpath";
				INFOPLIST_FILE = "../RxAlamofire-tvOS/Info.plist";
				INSTALL_PATH = "$(LOCAL_LIBRARY_DIR)/Frameworks";
				LD_RUNPATH_SEARCH_PATHS = (
					"$(inherited)",
					"@executable_path/Frameworks",
					"@loader_path/Frameworks",
				);
				PRODUCT_BUNDLE_IDENTIFIER = "org.rxswift.RxAlamofire.RxAlamofire-tvOS";
				PRODUCT_NAME = RxAlamofire;
				SDKROOT = appletvos;
				SKIP_INSTALL = YES;
				TARGETED_DEVICE_FAMILY = 3;
				VERSIONING_SYSTEM = "apple-generic";
				VERSION_INFO_PREFIX = "";
			};
			name = Debug;
		};
		637D95771C4E370C00F1FA67 /* Release */ = {
			isa = XCBuildConfiguration;
			baseConfigurationReference = B7AD531F8484470E179CAF47 /* Pods-RxAlamofire-tvOS.release.xcconfig */;
			buildSettings = {
				"CODE_SIGN_IDENTITY[sdk=appletvos*]" = "";
				CURRENT_PROJECT_VERSION = 1;
				DEFINES_MODULE = YES;
				DYLIB_COMPATIBILITY_VERSION = 1;
				DYLIB_CURRENT_VERSION = 1;
				DYLIB_INSTALL_NAME_BASE = "@rpath";
				INFOPLIST_FILE = "../RxAlamofire-tvOS/Info.plist";
				INSTALL_PATH = "$(LOCAL_LIBRARY_DIR)/Frameworks";
				LD_RUNPATH_SEARCH_PATHS = (
					"$(inherited)",
					"@executable_path/Frameworks",
					"@loader_path/Frameworks",
				);
				PRODUCT_BUNDLE_IDENTIFIER = "org.rxswift.RxAlamofire.RxAlamofire-tvOS";
				PRODUCT_NAME = RxAlamofire;
				SDKROOT = appletvos;
				SKIP_INSTALL = YES;
				TARGETED_DEVICE_FAMILY = 3;
				VERSIONING_SYSTEM = "apple-generic";
				VERSION_INFO_PREFIX = "";
			};
			name = Release;
		};
		637D958C1C4E374500F1FA67 /* Debug */ = {
			isa = XCBuildConfiguration;
			baseConfigurationReference = 2FC230ECF1AAEE0BCCE8A9BE /* Pods-RxAlamofire-tvOS-Example.debug.xcconfig */;
			buildSettings = {
				ASSETCATALOG_COMPILER_APPICON_NAME = "App Icon & Top Shelf Image";
				ASSETCATALOG_COMPILER_LAUNCHIMAGE_NAME = LaunchImage;
				INFOPLIST_FILE = "RxAlamofire-tvOS-Example/Info.plist";
				LD_RUNPATH_SEARCH_PATHS = (
					"$(inherited)",
					"@executable_path/Frameworks",
				);
				PRODUCT_BUNDLE_IDENTIFIER = org.rxswift.RxAlamofire.RxAlamofiretvOSExample;
				PRODUCT_NAME = "$(TARGET_NAME)";
				SDKROOT = appletvos;
				TARGETED_DEVICE_FAMILY = 3;
				TVOS_DEPLOYMENT_TARGET = 9.0;
			};
			name = Debug;
		};
		637D958D1C4E374500F1FA67 /* Release */ = {
			isa = XCBuildConfiguration;
			baseConfigurationReference = A1D061BE9121F4A38A1C920C /* Pods-RxAlamofire-tvOS-Example.release.xcconfig */;
			buildSettings = {
				ASSETCATALOG_COMPILER_APPICON_NAME = "App Icon & Top Shelf Image";
				ASSETCATALOG_COMPILER_LAUNCHIMAGE_NAME = LaunchImage;
				INFOPLIST_FILE = "RxAlamofire-tvOS-Example/Info.plist";
				LD_RUNPATH_SEARCH_PATHS = (
					"$(inherited)",
					"@executable_path/Frameworks",
				);
				PRODUCT_BUNDLE_IDENTIFIER = org.rxswift.RxAlamofire.RxAlamofiretvOSExample;
				PRODUCT_NAME = "$(TARGET_NAME)";
				SDKROOT = appletvos;
				TARGETED_DEVICE_FAMILY = 3;
				TVOS_DEPLOYMENT_TARGET = 9.0;
			};
			name = Release;
		};
		A57A28D41D78E8EB000D88BA /* Debug */ = {
			isa = XCBuildConfiguration;
			baseConfigurationReference = D6B659763054C769500E3D7E /* Pods-RxAlamofireTests.debug.xcconfig */;
			buildSettings = {
				CLANG_ANALYZER_NONNULL = YES;
				CLANG_WARN_DOCUMENTATION_COMMENTS = YES;
				CLANG_WARN_INFINITE_RECURSION = YES;
				CLANG_WARN_SUSPICIOUS_MOVES = YES;
				DEVELOPMENT_TEAM = WQVLGGBH98;
				INFOPLIST_FILE = RxAlamofireTests/Info.plist;
				LD_RUNPATH_SEARCH_PATHS = (
					"$(inherited)",
					"@executable_path/Frameworks",
					"@loader_path/Frameworks",
				);
				PRODUCT_BUNDLE_IDENTIFIER = br.com.concretesolutions.RxAlamofireTests;
				PRODUCT_NAME = "$(TARGET_NAME)";
				SWIFT_ACTIVE_COMPILATION_CONDITIONS = DEBUG;
			};
			name = Debug;
		};
		A57A28D51D78E8EB000D88BA /* Release */ = {
			isa = XCBuildConfiguration;
			baseConfigurationReference = D1FD041C37A31478E2B00AE7 /* Pods-RxAlamofireTests.release.xcconfig */;
			buildSettings = {
				CLANG_ANALYZER_NONNULL = YES;
				CLANG_WARN_DOCUMENTATION_COMMENTS = YES;
				CLANG_WARN_INFINITE_RECURSION = YES;
				CLANG_WARN_SUSPICIOUS_MOVES = YES;
				DEVELOPMENT_TEAM = WQVLGGBH98;
				INFOPLIST_FILE = RxAlamofireTests/Info.plist;
				LD_RUNPATH_SEARCH_PATHS = (
					"$(inherited)",
					"@executable_path/Frameworks",
					"@loader_path/Frameworks",
				);
				PRODUCT_BUNDLE_IDENTIFIER = br.com.concretesolutions.RxAlamofireTests;
				PRODUCT_NAME = "$(TARGET_NAME)";
				SWIFT_COMPILATION_MODE = wholemodule;
				SWIFT_OPTIMIZATION_LEVEL = "-O";
			};
			name = Release;
		};
		C89A0D351BE0D50E00744695 /* Debug */ = {
			isa = XCBuildConfiguration;
			baseConfigurationReference = 3E6EB37AFFDCA71287070E42 /* Pods-RxAlamofire-iOS.debug.xcconfig */;
			buildSettings = {
				"CODE_SIGN_IDENTITY[sdk=iphoneos*]" = "";
				CURRENT_PROJECT_VERSION = 1;
				DEFINES_MODULE = YES;
				DYLIB_COMPATIBILITY_VERSION = 1;
				DYLIB_CURRENT_VERSION = 1;
				DYLIB_INSTALL_NAME_BASE = "@rpath";
				INFOPLIST_FILE = "../RxAlamofire-iOS/Info.plist";
				INSTALL_PATH = "$(LOCAL_LIBRARY_DIR)/Frameworks";
				PRODUCT_BUNDLE_IDENTIFIER = "org.rxswift.RxAlamofire.RxAlamofire-iOS";
				PRODUCT_NAME = RxAlamofire;
				SKIP_INSTALL = YES;
				TARGETED_DEVICE_FAMILY = "1,2";
				VERSIONING_SYSTEM = "apple-generic";
				VERSION_INFO_PREFIX = "";
			};
			name = Debug;
		};
		C89A0D361BE0D50E00744695 /* Release */ = {
			isa = XCBuildConfiguration;
			baseConfigurationReference = 1D3843D181E7646BA59091EF /* Pods-RxAlamofire-iOS.release.xcconfig */;
			buildSettings = {
				"CODE_SIGN_IDENTITY[sdk=iphoneos*]" = "";
				CURRENT_PROJECT_VERSION = 1;
				DEFINES_MODULE = YES;
				DYLIB_COMPATIBILITY_VERSION = 1;
				DYLIB_CURRENT_VERSION = 1;
				DYLIB_INSTALL_NAME_BASE = "@rpath";
				INFOPLIST_FILE = "../RxAlamofire-iOS/Info.plist";
				INSTALL_PATH = "$(LOCAL_LIBRARY_DIR)/Frameworks";
				PRODUCT_BUNDLE_IDENTIFIER = "org.rxswift.RxAlamofire.RxAlamofire-iOS";
				PRODUCT_NAME = RxAlamofire;
				SKIP_INSTALL = YES;
				TARGETED_DEVICE_FAMILY = "1,2";
				VERSIONING_SYSTEM = "apple-generic";
				VERSION_INFO_PREFIX = "";
			};
			name = Release;
		};
		CB40E40F1B89C59F00D1DB5A /* Debug */ = {
			isa = XCBuildConfiguration;
			buildSettings = {
				ALWAYS_SEARCH_USER_PATHS = NO;
				CLANG_ANALYZER_LOCALIZABILITY_NONLOCALIZED = YES;
				CLANG_CXX_LANGUAGE_STANDARD = "gnu++0x";
				CLANG_CXX_LIBRARY = "libc++";
				CLANG_ENABLE_MODULES = YES;
				CLANG_ENABLE_OBJC_ARC = YES;
				CLANG_WARN_BLOCK_CAPTURE_AUTORELEASING = YES;
				CLANG_WARN_BOOL_CONVERSION = YES;
				CLANG_WARN_COMMA = YES;
				CLANG_WARN_CONSTANT_CONVERSION = YES;
				CLANG_WARN_DEPRECATED_OBJC_IMPLEMENTATIONS = YES;
				CLANG_WARN_DIRECT_OBJC_ISA_USAGE = YES_ERROR;
				CLANG_WARN_EMPTY_BODY = YES;
				CLANG_WARN_ENUM_CONVERSION = YES;
				CLANG_WARN_INFINITE_RECURSION = YES;
				CLANG_WARN_INT_CONVERSION = YES;
				CLANG_WARN_NON_LITERAL_NULL_CONVERSION = YES;
				CLANG_WARN_OBJC_IMPLICIT_RETAIN_SELF = YES;
				CLANG_WARN_OBJC_LITERAL_CONVERSION = YES;
				CLANG_WARN_OBJC_ROOT_CLASS = YES_ERROR;
				CLANG_WARN_RANGE_LOOP_ANALYSIS = YES;
				CLANG_WARN_STRICT_PROTOTYPES = YES;
				CLANG_WARN_SUSPICIOUS_MOVE = YES;
				CLANG_WARN_UNREACHABLE_CODE = YES;
				CLANG_WARN__DUPLICATE_METHOD_MATCH = YES;
				"CODE_SIGN_IDENTITY[sdk=iphoneos*]" = "iPhone Developer";
				COPY_PHASE_STRIP = NO;
				DEBUG_INFORMATION_FORMAT = dwarf;
				ENABLE_STRICT_OBJC_MSGSEND = YES;
				ENABLE_TESTABILITY = YES;
				GCC_C_LANGUAGE_STANDARD = gnu99;
				GCC_DYNAMIC_NO_PIC = NO;
				GCC_NO_COMMON_BLOCKS = YES;
				GCC_OPTIMIZATION_LEVEL = 0;
				GCC_PREPROCESSOR_DEFINITIONS = (
					"DEBUG=1",
					"$(inherited)",
				);
				GCC_WARN_64_TO_32_BIT_CONVERSION = YES;
				GCC_WARN_ABOUT_RETURN_TYPE = YES_ERROR;
				GCC_WARN_UNDECLARED_SELECTOR = YES;
				GCC_WARN_UNINITIALIZED_AUTOS = YES_AGGRESSIVE;
				GCC_WARN_UNUSED_FUNCTION = YES;
				GCC_WARN_UNUSED_VARIABLE = YES;
				IPHONEOS_DEPLOYMENT_TARGET = 9.0;
				MTL_ENABLE_DEBUG_INFO = YES;
				ONLY_ACTIVE_ARCH = YES;
				SDKROOT = iphoneos;
				SWIFT_OPTIMIZATION_LEVEL = "-Onone";
				SWIFT_VERSION = 5.0;
				TVOS_DEPLOYMENT_TARGET = 9.0;
			};
			name = Debug;
		};
		CB40E4101B89C59F00D1DB5A /* Release */ = {
			isa = XCBuildConfiguration;
			buildSettings = {
				ALWAYS_SEARCH_USER_PATHS = NO;
				CLANG_ANALYZER_LOCALIZABILITY_NONLOCALIZED = YES;
				CLANG_CXX_LANGUAGE_STANDARD = "gnu++0x";
				CLANG_CXX_LIBRARY = "libc++";
				CLANG_ENABLE_MODULES = YES;
				CLANG_ENABLE_OBJC_ARC = YES;
				CLANG_WARN_BLOCK_CAPTURE_AUTORELEASING = YES;
				CLANG_WARN_BOOL_CONVERSION = YES;
				CLANG_WARN_COMMA = YES;
				CLANG_WARN_CONSTANT_CONVERSION = YES;
				CLANG_WARN_DEPRECATED_OBJC_IMPLEMENTATIONS = YES;
				CLANG_WARN_DIRECT_OBJC_ISA_USAGE = YES_ERROR;
				CLANG_WARN_EMPTY_BODY = YES;
				CLANG_WARN_ENUM_CONVERSION = YES;
				CLANG_WARN_INFINITE_RECURSION = YES;
				CLANG_WARN_INT_CONVERSION = YES;
				CLANG_WARN_NON_LITERAL_NULL_CONVERSION = YES;
				CLANG_WARN_OBJC_IMPLICIT_RETAIN_SELF = YES;
				CLANG_WARN_OBJC_LITERAL_CONVERSION = YES;
				CLANG_WARN_OBJC_ROOT_CLASS = YES_ERROR;
				CLANG_WARN_RANGE_LOOP_ANALYSIS = YES;
				CLANG_WARN_STRICT_PROTOTYPES = YES;
				CLANG_WARN_SUSPICIOUS_MOVE = YES;
				CLANG_WARN_UNREACHABLE_CODE = YES;
				CLANG_WARN__DUPLICATE_METHOD_MATCH = YES;
				"CODE_SIGN_IDENTITY[sdk=iphoneos*]" = "iPhone Developer";
				COPY_PHASE_STRIP = NO;
				DEBUG_INFORMATION_FORMAT = "dwarf-with-dsym";
				ENABLE_NS_ASSERTIONS = NO;
				ENABLE_STRICT_OBJC_MSGSEND = YES;
				GCC_C_LANGUAGE_STANDARD = gnu99;
				GCC_NO_COMMON_BLOCKS = YES;
				GCC_WARN_64_TO_32_BIT_CONVERSION = YES;
				GCC_WARN_ABOUT_RETURN_TYPE = YES_ERROR;
				GCC_WARN_UNDECLARED_SELECTOR = YES;
				GCC_WARN_UNINITIALIZED_AUTOS = YES_AGGRESSIVE;
				GCC_WARN_UNUSED_FUNCTION = YES;
				GCC_WARN_UNUSED_VARIABLE = YES;
				IPHONEOS_DEPLOYMENT_TARGET = 9.0;
				MTL_ENABLE_DEBUG_INFO = NO;
				SDKROOT = iphoneos;
				SWIFT_COMPILATION_MODE = wholemodule;
				SWIFT_OPTIMIZATION_LEVEL = "-O";
				SWIFT_VERSION = 5.0;
				TVOS_DEPLOYMENT_TARGET = 9.0;
				VALIDATE_PRODUCT = YES;
			};
			name = Release;
		};
		CB40E4121B89C59F00D1DB5A /* Debug */ = {
			isa = XCBuildConfiguration;
			baseConfigurationReference = 85EC535C4AA000F70C790845 /* Pods-RxAlamofire-iOS-Example.debug.xcconfig */;
			buildSettings = {
				ASSETCATALOG_COMPILER_APPICON_NAME = AppIcon;
				INFOPLIST_FILE = "RxAlamofire-iOS-Example/Info.plist";
				IPHONEOS_DEPLOYMENT_TARGET = 9.0;
				LD_RUNPATH_SEARCH_PATHS = (
					"$(inherited)",
					"@executable_path/Frameworks",
				);
				PRODUCT_BUNDLE_IDENTIFIER = org.rxswift.RxAlamofire.Example;
				PRODUCT_NAME = "$(TARGET_NAME)";
			};
			name = Debug;
		};
		CB40E4131B89C59F00D1DB5A /* Release */ = {
			isa = XCBuildConfiguration;
			baseConfigurationReference = B54342C46F84C5B83ABF0DED /* Pods-RxAlamofire-iOS-Example.release.xcconfig */;
			buildSettings = {
				ASSETCATALOG_COMPILER_APPICON_NAME = AppIcon;
				INFOPLIST_FILE = "RxAlamofire-iOS-Example/Info.plist";
				IPHONEOS_DEPLOYMENT_TARGET = 9.0;
				LD_RUNPATH_SEARCH_PATHS = (
					"$(inherited)",
					"@executable_path/Frameworks",
				);
				PRODUCT_BUNDLE_IDENTIFIER = org.rxswift.RxAlamofire.Example;
				PRODUCT_NAME = "$(TARGET_NAME)";
			};
			name = Release;
		};
/* End XCBuildConfiguration section */

/* Begin XCConfigurationList section */
		637D95781C4E370C00F1FA67 /* Build configuration list for PBXNativeTarget "RxAlamofire-tvOS" */ = {
			isa = XCConfigurationList;
			buildConfigurations = (
				637D95761C4E370C00F1FA67 /* Debug */,
				637D95771C4E370C00F1FA67 /* Release */,
			);
			defaultConfigurationIsVisible = 0;
			defaultConfigurationName = Release;
		};
		637D958B1C4E374500F1FA67 /* Build configuration list for PBXNativeTarget "RxAlamofire-tvOS-Example" */ = {
			isa = XCConfigurationList;
			buildConfigurations = (
				637D958C1C4E374500F1FA67 /* Debug */,
				637D958D1C4E374500F1FA67 /* Release */,
			);
			defaultConfigurationIsVisible = 0;
			defaultConfigurationName = Release;
		};
		A57A28D31D78E8EB000D88BA /* Build configuration list for PBXNativeTarget "RxAlamofireTests" */ = {
			isa = XCConfigurationList;
			buildConfigurations = (
				A57A28D41D78E8EB000D88BA /* Debug */,
				A57A28D51D78E8EB000D88BA /* Release */,
			);
			defaultConfigurationIsVisible = 0;
			defaultConfigurationName = Release;
		};
		C89A0D341BE0D50E00744695 /* Build configuration list for PBXNativeTarget "RxAlamofire-iOS" */ = {
			isa = XCConfigurationList;
			buildConfigurations = (
				C89A0D351BE0D50E00744695 /* Debug */,
				C89A0D361BE0D50E00744695 /* Release */,
			);
			defaultConfigurationIsVisible = 0;
			defaultConfigurationName = Release;
		};
		CB40E3ED1B89C59F00D1DB5A /* Build configuration list for PBXProject "RxAlamofire" */ = {
			isa = XCConfigurationList;
			buildConfigurations = (
				CB40E40F1B89C59F00D1DB5A /* Debug */,
				CB40E4101B89C59F00D1DB5A /* Release */,
			);
			defaultConfigurationIsVisible = 0;
			defaultConfigurationName = Release;
		};
		CB40E4111B89C59F00D1DB5A /* Build configuration list for PBXNativeTarget "RxAlamofire-iOS-Example" */ = {
			isa = XCConfigurationList;
			buildConfigurations = (
				CB40E4121B89C59F00D1DB5A /* Debug */,
				CB40E4131B89C59F00D1DB5A /* Release */,
			);
			defaultConfigurationIsVisible = 0;
			defaultConfigurationName = Release;
		};
/* End XCConfigurationList section */
	};
	rootObject = CB40E3EA1B89C59F00D1DB5A /* Project object */;
}
