PODS:
  - Alamofire (5.2.0)
  - RxAlamofire/Core (5.3.1):
    - Alamofire (~> 5.1)
    - RxSwift (~> 5.1)
  - RxAlamofire/RxCocoa (5.3.1):
    - RxAlamofire/Core
    - RxCocoa (~> 5.1)
  - RxCocoa (5.1.1):
    - RxRelay (~> 5)
    - RxSwift (~> 5)
  - RxRelay (5.1.1):
    - RxSwift (~> 5)
  - RxSwift (5.1.1)

DEPENDENCIES:
  - RxAlamofire/RxCocoa (from `../`)

SPEC REPOS:
  trunk:
    - Alamofire
    - RxCocoa
    - RxRelay
    - RxSwift

EXTERNAL SOURCES:
  RxAlamofire:
    :path: "../"

SPEC CHECKSUMS:
  Alamofire: c1ca147559e730bfb2182c8c7aafbdd90a867987
  RxAlamofire: 15502b290253fab68688dafd60914c6390e9cc73
  RxCocoa: 32065309a38d29b5b0db858819b5bf9ef038b601
  RxRelay: d77f7d771495f43c556cbc43eebd1bb54d01e8e9
  RxSwift: 81470a2074fa8780320ea5fe4102807cb7118178

PODFILE CHECKSUM: 87577e46619859a5ff08dd18af527a2f96b51859

COCOAPODS: 1.9.2
