PODS:
  - Alamofire (5.4.1)
  - RxAlamofire/Core (5.7.1):
    - Alamofire (~> 5.4)
    - RxSwift (~> 6.0)
  - RxAlamofire/RxCocoa (5.7.1):
    - RxAlamofire/Core
    - RxCocoa (~> 6.0)
  - RxCocoa (6.0.0):
    - RxRelay (= 6.0.0)
    - RxSwift (= 6.0.0)
  - RxRelay (6.0.0):
    - RxSwift (= 6.0.0)
  - RxSwift (6.0.0)

DEPENDENCIES:
  - RxAlamofire/RxCocoa (from `../`)

SPEC REPOS:
  trunk:
    - Alamofire
    - RxCocoa
    - RxRelay
    - RxSwift

EXTERNAL SOURCES:
  RxAlamofire:
    :path: "../"

SPEC CHECKSUMS:
  Alamofire: 2291f7d21ca607c491dd17642e5d40fdcda0e65c
  RxAlamofire: 2dbdd68051f7e7779fdd2b7bda9b93ac1e533a19
  RxCocoa: 3f79328fafa3645b34600f37c31e64c73ae3a80e
  RxRelay: 8d593be109c06ea850df027351beba614b012ffb
  RxSwift: c14e798c59b9f6e9a2df8fd235602e85cc044295

PODFILE CHECKSUM: a7610a5168228508e279f8c77f56aa8c67f26640

COCOAPODS: 1.10.0
