PODS:
  - Alamofire (5.1.0)
  - OHHTTPStubs (9.0.0):
    - OHHTTPStubs/Default (= 9.0.0)
  - OHHTTPStubs/Core (9.0.0)
  - OHHTTPStubs/Default (9.0.0):
    - OHHTTPStubs/Core
    - OHHTTPStubs/JSON
    - OHHTTPStubs/NSURLSession
    - OHHTTPStubs/OHPathHelpers
  - OHHTTPStubs/JSON (9.0.0):
    - OHHTTPStubs/Core
  - OHHTTPStubs/NSURLSession (9.0.0):
    - OHHTTPStubs/Core
  - OHHTTPStubs/OHPathHelpers (9.0.0)
  - OHHTTPStubs/Swift (9.0.0):
    - OHHTTPStubs/Default
  - RxBlocking (5.1.1):
    - RxSwift (~> 5)
  - RxCocoa (5.1.1):
    - RxRelay (~> 5)
    - RxSwift (~> 5)
  - RxRelay (5.1.1):
    - RxSwift (~> 5)
  - RxSwift (5.1.1)

DEPENDENCIES:
  - Alamofire (~> 5.1)
  - OHHTTPStubs (~> 9.0.0)
  - OHHTTPStubs/Swift (~> 9.0.0)
  - RxBlocking (~> 5.0)
  - RxCocoa (~> 5.1)
  - RxSwift (~> 5.1)

SPEC REPOS:
  trunk:
    - Alamofire
    - OHHTTPStubs
    - RxBlocking
    - RxCocoa
    - RxRelay
    - RxSwift

SPEC CHECKSUMS:
  Alamofire: 9d5c5f602928e512395b30950c5984eca840093c
  OHHTTPStubs: cb29d2a9d09a828ecb93349a2b0c64f99e0db89f
  RxBlocking: 5f700a78cad61ce253ebd37c9a39b5ccc76477b4
  RxCocoa: 32065309a38d29b5b0db858819b5bf9ef038b601
  RxRelay: d77f7d771495f43c556cbc43eebd1bb54d01e8e9
  RxSwift: 81470a2074fa8780320ea5fe4102807cb7118178

PODFILE CHECKSUM: f14ccdfa3e7c0e3a5435091e6c34e6c264a55581

COCOAPODS: 1.9.2
