PODS:
  - Alamofire (5.0.0)
  - OHHTTPStubs (7.0.0):
    - OHHTTPStubs/Default (= 7.0.0)
  - OHHTTPStubs/Core (7.0.0)
  - OHHTTPStubs/Default (7.0.0):
    - OHHTTPStubs/Core
    - OHHTTPStubs/JSON
    - OHHTTPStubs/NSURLSession
    - OHHTTPStubs/OHPathHelpers
  - OHHTTPStubs/JSON (7.0.0):
    - OHHTTPStubs/Core
  - OHHTTPStubs/NSURLSession (7.0.0):
    - OHHTTPStubs/Core
  - OHHTTPStubs/OHPathHelpers (7.0.0)
  - OHHTTPStubs/Swift (7.0.0):
    - OHHTTPStubs/Default
  - RxBlocking (5.1.1):
    - RxSwift (~> 5)
  - RxCocoa (5.1.1):
    - RxRelay (~> 5)
    - RxSwift (~> 5)
  - RxRelay (5.1.1):
    - RxSwift (~> 5)
  - RxSwift (5.1.1)

DEPENDENCIES:
  - Alamofire (= 5.0.0)
  - OHHTTPStubs (~> 7.0)
  - OHHTTPStubs/Swift (~> 7.0)
  - RxBlocking (from `https://github.com/ReactiveX/RxSwift.git`, branch `master`)
  - RxCocoa (from `https://github.com/ReactiveX/RxSwift.git`, branch `master`)
  - RxSwift (from `https://github.com/ReactiveX/RxSwift.git`, branch `master`)

SPEC REPOS:
  https://github.com/CocoaPods/Specs.git:
    - Alamofire
    - OHHTTPStubs
    - RxRelay

EXTERNAL SOURCES:
  RxBlocking:
    :branch: master
    :git: https://github.com/ReactiveX/RxSwift.git
  RxCocoa:
    :branch: master
    :git: https://github.com/ReactiveX/RxSwift.git
  RxSwift:
    :branch: master
    :git: https://github.com/ReactiveX/RxSwift.git

CHECKOUT OPTIONS:
  RxBlocking:
    :commit: 29e484f264ef365f13dc472a1b20ce51f1a1c0a4
    :git: https://github.com/ReactiveX/RxSwift.git
  RxCocoa:
    :commit: 29e484f264ef365f13dc472a1b20ce51f1a1c0a4
    :git: https://github.com/ReactiveX/RxSwift.git
  RxSwift:
    :commit: 29e484f264ef365f13dc472a1b20ce51f1a1c0a4
    :git: https://github.com/ReactiveX/RxSwift.git

SPEC CHECKSUMS:
  Alamofire: 58ff2bfb8daaacaa233d5c36e37b10a5248f59b1
  OHHTTPStubs: ef33a2c353110d306bb98f695435ec56ff5a26c3
  RxBlocking: 5f700a78cad61ce253ebd37c9a39b5ccc76477b4
  RxCocoa: 32065309a38d29b5b0db858819b5bf9ef038b601
  RxRelay: d77f7d771495f43c556cbc43eebd1bb54d01e8e9
  RxSwift: 81470a2074fa8780320ea5fe4102807cb7118178

PODFILE CHECKSUM: 0cd6dc90bf8c590968c8aa8f7d61d2be45750df4

COCOAPODS: 1.8.4
